// !$*UTF8*$!
{
	archiveVersion = 1;
	classes = {
	};
	objectVersion = 46;
	objects = {

/* Begin PBXBuildFile section */
		A265EA3419EF6A8100AD2BCC /* AppDelegate.swift in Sources */ = {isa = PBXBuildFile; fileRef = A265EA3319EF6A8100AD2BCC /* AppDelegate.swift */; };
		A265EA3719EF6A8100AD2BCC /* customflow.xcdatamodeld in Sources */ = {isa = PBXBuildFile; fileRef = A265EA3519EF6A8100AD2BCC /* customflow.xcdatamodeld */; };
		A265EA3919EF6A8100AD2BCC /* ViewController.swift in Sources */ = {isa = PBXBuildFile; fileRef = A265EA3819EF6A8100AD2BCC /* ViewController.swift */; };
		A265EA3C19EF6A8100AD2BCC /* Main.storyboard in Resources */ = {isa = PBXBuildFile; fileRef = A265EA3A19EF6A8100AD2BCC /* Main.storyboard */; };
		A265EA3E19EF6A8100AD2BCC /* Images.xcassets in Resources */ = {isa = PBXBuildFile; fileRef = A265EA3D19EF6A8100AD2BCC /* Images.xcassets */; };
		A265EA4119EF6A8100AD2BCC /* LaunchScreen.xib in Resources */ = {isa = PBXBuildFile; fileRef = A265EA3F19EF6A8100AD2BCC /* LaunchScreen.xib */; };
		A265EA4D19EF6A8100AD2BCC /* customflowTests.swift in Sources */ = {isa = PBXBuildFile; fileRef = A265EA4C19EF6A8100AD2BCC /* customflowTests.swift */; };
/* End PBXBuildFile section */

/* Begin PBXContainerItemProxy section */
		A265EA4719EF6A8100AD2BCC /* PBXContainerItemProxy */ = {
			isa = PBXContainerItemProxy;
			containerPortal = A265EA2619EF6A8100AD2BCC /* Project object */;
			proxyType = 1;
			remoteGlobalIDString = A265EA2D19EF6A8100AD2BCC;
			remoteInfo = customflow;
		};
/* End PBXContainerItemProxy section */

/* Begin PBXFileReference section */
		A265EA2E19EF6A8100AD2BCC /* customflow.app */ = {isa = PBXFileReference; explicitFileType = wrapper.application; includeInIndex = 0; path = customflow.app; sourceTree = BUILT_PRODUCTS_DIR; };
		A265EA3219EF6A8100AD2BCC /* Info.plist */ = {isa = PBXFileReference; lastKnownFileType = text.plist.xml; path = Info.plist; sourceTree = "<group>"; };
		A265EA3319EF6A8100AD2BCC /* AppDelegate.swift */ = {isa = PBXFileReference; lastKnownFileType = sourcecode.swift; path = AppDelegate.swift; sourceTree = "<group>"; };
		A265EA3619EF6A8100AD2BCC /* customflow.xcdatamodel */ = {isa = PBXFileReference; lastKnownFileType = wrapper.xcdatamodel; path = customflow.xcdatamodel; sourceTree = "<group>"; };
		A265EA3819EF6A8100AD2BCC /* ViewController.swift */ = {isa = PBXFileReference; lastKnownFileType = sourcecode.swift; path = ViewController.swift; sourceTree = "<group>"; };
		A265EA3B19EF6A8100AD2BCC /* Base */ = {isa = PBXFileReference; lastKnownFileType = file.storyboard; name = Base; path = Base.lproj/Main.storyboard; sourceTree = "<group>"; };
		A265EA3D19EF6A8100AD2BCC /* Images.xcassets */ = {isa = PBXFileReference; lastKnownFileType = folder.assetcatalog; path = Images.xcassets; sourceTree = "<group>"; };
		A265EA4019EF6A8100AD2BCC /* Base */ = {isa = PBXFileReference; lastKnownFileType = file.xib; name = Base; path = Base.lproj/LaunchScreen.xib; sourceTree = "<group>"; };
		A265EA4619EF6A8100AD2BCC /* customflowTests.xctest */ = {isa = PBXFileReference; explicitFileType = wrapper.cfbundle; includeInIndex = 0; path = customflowTests.xctest; sourceTree = BUILT_PRODUCTS_DIR; };
		A265EA4B19EF6A8100AD2BCC /* Info.plist */ = {isa = PBXFileReference; lastKnownFileType = text.plist.xml; path = Info.plist; sourceTree = "<group>"; };
		A265EA4C19EF6A8100AD2BCC /* customflowTests.swift */ = {isa = PBXFileReference; lastKnownFileType = sourcecode.swift; path = customflowTests.swift; sourceTree = "<group>"; };
/* End PBXFileReference section */

/* Begin PBXFrameworksBuildPhase section */
		A265EA2B19EF6A8100AD2BCC /* Frameworks */ = {
			isa = PBXFrameworksBuildPhase;
			buildActionMask = 2147483647;
			files = (
			);
			runOnlyForDeploymentPostprocessing = 0;
		};
		A265EA4319EF6A8100AD2BCC /* Frameworks */ = {
			isa = PBXFrameworksBuildPhase;
			buildActionMask = 2147483647;
			files = (
			);
			runOnlyForDeploymentPostprocessing = 0;
		};
/* End PBXFrameworksBuildPhase section */

/* Begin PBXGroup section */
		A265EA2519EF6A8100AD2BCC = {
			isa = PBXGroup;
			children = (
				A265EA3019EF6A8100AD2BCC /* customflow */,
				A265EA4919EF6A8100AD2BCC /* customflowTests */,
				A265EA2F19EF6A8100AD2BCC /* Products */,
			);
			sourceTree = "<group>";
		};
		A265EA2F19EF6A8100AD2BCC /* Products */ = {
			isa = PBXGroup;
			children = (
				A265EA2E19EF6A8100AD2BCC /* customflow.app */,
				A265EA4619EF6A8100AD2BCC /* customflowTests.xctest */,
			);
			name = Products;
			sourceTree = "<group>";
		};
		A265EA3019EF6A8100AD2BCC /* customflow */ = {
			isa = PBXGroup;
			children = (
				A265EA3319EF6A8100AD2BCC /* AppDelegate.swift */,
				A265EA3819EF6A8100AD2BCC /* ViewController.swift */,
				A265EA3A19EF6A8100AD2BCC /* Main.storyboard */,
				A265EA3D19EF6A8100AD2BCC /* Images.xcassets */,
				A265EA3F19EF6A8100AD2BCC /* LaunchScreen.xib */,
				A265EA3519EF6A8100AD2BCC /* customflow.xcdatamodeld */,
				A265EA3119EF6A8100AD2BCC /* Supporting Files */,
			);
			path = customflow;
			sourceTree = "<group>";
		};
		A265EA3119EF6A8100AD2BCC /* Supporting Files */ = {
			isa = PBXGroup;
			children = (
				A265EA3219EF6A8100AD2BCC /* Info.plist */,
			);
			name = "Supporting Files";
			sourceTree = "<group>";
		};
		A265EA4919EF6A8100AD2BCC /* customflowTests */ = {
			isa = PBXGroup;
			children = (
				A265EA4C19EF6A8100AD2BCC /* customflowTests.swift */,
				A265EA4A19EF6A8100AD2BCC /* Supporting Files */,
			);
			path = customflowTests;
			sourceTree = "<group>";
		};
		A265EA4A19EF6A8100AD2BCC /* Supporting Files */ = {
			isa = PBXGroup;
			children = (
				A265EA4B19EF6A8100AD2BCC /* Info.plist */,
			);
			name = "Supporting Files";
			sourceTree = "<group>";
		};
/* End PBXGroup section */

/* Begin PBXNativeTarget section */
		A265EA2D19EF6A8100AD2BCC /* customflow */ = {
			isa = PBXNativeTarget;
			buildConfigurationList = A265EA5019EF6A8100AD2BCC /* Build configuration list for PBXNativeTarget "customflow" */;
			buildPhases = (
				A265EA2A19EF6A8100AD2BCC /* Sources */,
				A265EA2B19EF6A8100AD2BCC /* Frameworks */,
				A265EA2C19EF6A8100AD2BCC /* Resources */,
			);
			buildRules = (
			);
			dependencies = (
			);
			name = customflow;
			productName = customflow;
			productReference = A265EA2E19EF6A8100AD2BCC /* customflow.app */;
			productType = "com.apple.product-type.application";
		};
		A265EA4519EF6A8100AD2BCC /* customflowTests */ = {
			isa = PBXNativeTarget;
			buildConfigurationList = A265EA5319EF6A8100AD2BCC /* Build configuration list for PBXNativeTarget "customflowTests" */;
			buildPhases = (
				A265EA4219EF6A8100AD2BCC /* Sources */,
				A265EA4319EF6A8100AD2BCC /* Frameworks */,
				A265EA4419EF6A8100AD2BCC /* Resources */,
			);
			buildRules = (
			);
			dependencies = (
				A265EA4819EF6A8100AD2BCC /* PBXTargetDependency */,
			);
			name = customflowTests;
			productName = customflowTests;
			productReference = A265EA4619EF6A8100AD2BCC /* customflowTests.xctest */;
			productType = "com.apple.product-type.bundle.unit-test";
		};
/* End PBXNativeTarget section */

/* Begin PBXProject section */
		A265EA2619EF6A8100AD2BCC /* Project object */ = {
			isa = PBXProject;
			attributes = {
				LastUpgradeCheck = 0600;
				ORGANIZATIONNAME = "Code Fellows";
				TargetAttributes = {
					A265EA2D19EF6A8100AD2BCC = {
						CreatedOnToolsVersion = 6.0;
					};
					A265EA4519EF6A8100AD2BCC = {
						CreatedOnToolsVersion = 6.0;
						TestTargetID = A265EA2D19EF6A8100AD2BCC;
					};
				};
			};
			buildConfigurationList = A265EA2919EF6A8100AD2BCC /* Build configuration list for PBXProject "customflow" */;
			compatibilityVersion = "Xcode 3.2";
			developmentRegion = English;
			hasScannedForEncodings = 0;
			knownRegions = (
				en,
				Base,
			);
			mainGroup = A265EA2519EF6A8100AD2BCC;
			productRefGroup = A265EA2F19EF6A8100AD2BCC /* Products */;
			projectDirPath = "";
			projectRoot = "";
			targets = (
				A265EA2D19EF6A8100AD2BCC /* customflow */,
				A265EA4519EF6A8100AD2BCC /* customflowTests */,
			);
		};
/* End PBXProject section */

/* Begin PBXResourcesBuildPhase section */
		A265EA2C19EF6A8100AD2BCC /* Resources */ = {
			isa = PBXResourcesBuildPhase;
			buildActionMask = 2147483647;
			files = (
				A265EA3C19EF6A8100AD2BCC /* Main.storyboard in Resources */,
				A265EA4119EF6A8100AD2BCC /* LaunchScreen.xib in Resources */,
				A265EA3E19EF6A8100AD2BCC /* Images.xcassets in Resources */,
			);
			runOnlyForDeploymentPostprocessing = 0;
		};
		A265EA4419EF6A8100AD2BCC /* Resources */ = {
			isa = PBXResourcesBuildPhase;
			buildActionMask = 2147483647;
			files = (
			);
			runOnlyForDeploymentPostprocessing = 0;
		};
/* End PBXResourcesBuildPhase section */

/* Begin PBXSourcesBuildPhase section */
		A265EA2A19EF6A8100AD2BCC /* Sources */ = {
			isa = PBXSourcesBuildPhase;
			buildActionMask = 2147483647;
			files = (
				A265EA3919EF6A8100AD2BCC /* ViewController.swift in Sources */,
				A265EA3719EF6A8100AD2BCC /* customflow.xcdatamodeld in Sources */,
				A265EA3419EF6A8100AD2BCC /* AppDelegate.swift in Sources */,
			);
			runOnlyForDeploymentPostprocessing = 0;
		};
		A265EA4219EF6A8100AD2BCC /* Sources */ = {
			isa = PBXSourcesBuildPhase;
			buildActionMask = 2147483647;
			files = (
				A265EA4D19EF6A8100AD2BCC /* customflowTests.swift in Sources */,
			);
			runOnlyForDeploymentPostprocessing = 0;
		};
/* End PBXSourcesBuildPhase section */

/* Begin PBXTargetDependency section */
		A265EA4819EF6A8100AD2BCC /* PBXTargetDependency */ = {
			isa = PBXTargetDependency;
			target = A265EA2D19EF6A8100AD2BCC /* customflow */;
			targetProxy = A265EA4719EF6A8100AD2BCC /* PBXContainerItemProxy */;
		};
/* End PBXTargetDependency section */

/* Begin PBXVariantGroup section */
		A265EA3A19EF6A8100AD2BCC /* Main.storyboard */ = {
			isa = PBXVariantGroup;
			children = (
				A265EA3B19EF6A8100AD2BCC /* Base */,
			);
			name = Main.storyboard;
			sourceTree = "<group>";
		};
		A265EA3F19EF6A8100AD2BCC /* LaunchScreen.xib */ = {
			isa = PBXVariantGroup;
			children = (
				A265EA4019EF6A8100AD2BCC /* Base */,
			);
			name = LaunchScreen.xib;
			sourceTree = "<group>";
		};
/* End PBXVariantGroup section */

/* Begin XCBuildConfiguration section */
		A265EA4E19EF6A8100AD2BCC /* Debug */ = {
			isa = XCBuildConfiguration;
			buildSettings = {
				ALWAYS_SEARCH_USER_PATHS = NO;
				CLANG_CXX_LANGUAGE_STANDARD = "gnu++0x";
				CLANG_CXX_LIBRARY = "libc++";
				CLANG_ENABLE_MODULES = YES;
				CLANG_ENABLE_OBJC_ARC = YES;
				CLANG_WARN_BOOL_CONVERSION = YES;
				CLANG_WARN_CONSTANT_CONVERSION = YES;
				CLANG_WARN_DIRECT_OBJC_ISA_USAGE = YES_ERROR;
				CLANG_WARN_EMPTY_BODY = YES;
				CLANG_WARN_ENUM_CONVERSION = YES;
				CLANG_WARN_INT_CONVERSION = YES;
				CLANG_WARN_OBJC_ROOT_CLASS = YES_ERROR;
				CLANG_WARN_UNREACHABLE_CODE = YES;
				CLANG_WARN__DUPLICATE_METHOD_MATCH = YES;
				"CODE_SIGN_IDENTITY[sdk=iphoneos*]" = "iPhone Developer";
				COPY_PHASE_STRIP = NO;
				ENABLE_STRICT_OBJC_MSGSEND = YES;
				GCC_C_LANGUAGE_STANDARD = gnu99;
				GCC_DYNAMIC_NO_PIC = NO;
				GCC_OPTIMIZATION_LEVEL = 0;
				GCC_PREPROCESSOR_DEFINITIONS = (
					"DEBUG=1",
					"$(inherited)",
				);
				GCC_SYMBOLS_PRIVATE_EXTERN = NO;
				GCC_WARN_64_TO_32_BIT_CONVERSION = YES;
				GCC_WARN_ABOUT_RETURN_TYPE = YES_ERROR;
				GCC_WARN_UNDECLARED_SELECTOR = YES;
				GCC_WARN_UNINITIALIZED_AUTOS = YES_AGGRESSIVE;
				GCC_WARN_UNUSED_FUNCTION = YES;
				GCC_WARN_UNUSED_VARIABLE = YES;
				IPHONEOS_DEPLOYMENT_TARGET = 8.0;
				MTL_ENABLE_DEBUG_INFO = YES;
				ONLY_ACTIVE_ARCH = YES;
				SDKROOT = iphoneos;
				SWIFT_OPTIMIZATION_LEVEL = "-Onone";
				TARGETED_DEVICE_FAMILY = "1,2";
			};
			name = Debug;
		};
		A265EA4F19EF6A8100AD2BCC /* Release */ = {
			isa = XCBuildConfiguration;
			buildSettings = {
				ALWAYS_SEARCH_USER_PATHS = NO;
				CLANG_CXX_LANGUAGE_STANDARD = "gnu++0x";
				CLANG_CXX_LIBRARY = "libc++";
				CLANG_ENABLE_MODULES = YES;
				CLANG_ENABLE_OBJC_ARC = YES;
				CLANG_WARN_BOOL_CONVERSION = YES;
				CLANG_WARN_CONSTANT_CONVERSION = YES;
				CLANG_WARN_DIRECT_OBJC_ISA_USAGE = YES_ERROR;
				CLANG_WARN_EMPTY_BODY = YES;
				CLANG_WARN_ENUM_CONVERSION = YES;
				CLANG_WARN_INT_CONVERSION = YES;
				CLANG_WARN_OBJC_ROOT_CLASS = YES_ERROR;
				CLANG_WARN_UNREACHABLE_CODE = YES;
				CLANG_WARN__DUPLICATE_METHOD_MATCH = YES;
				"CODE_SIGN_IDENTITY[sdk=iphoneos*]" = "iPhone Developer";
				COPY_PHASE_STRIP = YES;
				ENABLE_NS_ASSERTIONS = NO;
				ENABLE_STRICT_OBJC_MSGSEND = YES;
				GCC_C_LANGUAGE_STANDARD = gnu99;
				GCC_WARN_64_TO_32_BIT_CONVERSION = YES;
				GCC_WARN_ABOUT_RETURN_TYPE = YES_ERROR;
				GCC_WARN_UNDECLARED_SELECTOR = YES;
				GCC_WARN_UNINITIALIZED_AUTOS = YES_AGGRESSIVE;
				GCC_WARN_UNUSED_FUNCTION = YES;
				GCC_WARN_UNUSED_VARIABLE = YES;
				IPHONEOS_DEPLOYMENT_TARGET = 8.0;
				MTL_ENABLE_DEBUG_INFO = NO;
				SDKROOT = iphoneos;
				TARGETED_DEVICE_FAMILY = "1,2";
				VALIDATE_PRODUCT = YES;
			};
			name = Release;
		};
		A265EA5119EF6A8100AD2BCC /* Debug */ = {
			isa = XCBuildConfiguration;
			buildSettings = {
				ASSETCATALOG_COMPILER_APPICON_NAME = AppIcon;
				INFOPLIST_FILE = customflow/Info.plist;
				LD_RUNPATH_SEARCH_PATHS = "$(inherited) @executable_path/Frameworks";
				PRODUCT_NAME = "$(TARGET_NAME)";
			};
			name = Debug;
		};
		A265EA5219EF6A8100AD2BCC /* Release */ = {
			isa = XCBuildConfiguration;
			buildSettings = {
				ASSETCATALOG_COMPILER_APPICON_NAME = AppIcon;
				INFOPLIST_FILE = customflow/Info.plist;
				LD_RUNPATH_SEARCH_PATHS = "$(inherited) @executable_path/Frameworks";
				PRODUCT_NAME = "$(TARGET_NAME)";
			};
			name = Release;
		};
		A265EA5419EF6A8100AD2BCC /* Debug */ = {
			isa = XCBuildConfiguration;
			buildSettings = {
				BUNDLE_LOADER = "$(TEST_HOST)";
				FRAMEWORK_SEARCH_PATHS = (
					"$(SDKROOT)/Developer/Library/Frameworks",
					"$(inherited)",
				);
				GCC_PREPROCESSOR_DEFINITIONS = (
					"DEBUG=1",
					"$(inherited)",
				);
				INFOPLIST_FILE = customflowTests/Info.plist;
				LD_RUNPATH_SEARCH_PATHS = "$(inherited) @executable_path/Frameworks @loader_path/Frameworks";
				PRODUCT_NAME = "$(TARGET_NAME)";
				TEST_HOST = "$(BUILT_PRODUCTS_DIR)/customflow.app/customflow";
			};
			name = Debug;
		};
		A265EA5519EF6A8100AD2BCC /* Release */ = {
			isa = XCBuildConfiguration;
			buildSettings = {
				BUNDLE_LOADER = "$(TEST_HOST)";
				FRAMEWORK_SEARCH_PATHS = (
					"$(SDKROOT)/Developer/Library/Frameworks",
					"$(inherited)",
				);
				INFOPLIST_FILE = customflowTests/Info.plist;
				LD_RUNPATH_SEARCH_PATHS = "$(inherited) @executable_path/Frameworks @loader_path/Frameworks";
				PRODUCT_NAME = "$(TARGET_NAME)";
				TEST_HOST = "$(BUILT_PRODUCTS_DIR)/customflow.app/customflow";
			};
			name = Release;
		};
/* End XCBuildConfiguration section */

/* Begin XCConfigurationList section */
		A265EA2919EF6A8100AD2BCC /* Build configuration list for PBXProject "customflow" */ = {
			isa = XCConfigurationList;
			buildConfigurations = (
				A265EA4E19EF6A8100AD2BCC /* Debug */,
				A265EA4F19EF6A8100AD2BCC /* Release */,
			);
			defaultConfigurationIsVisible = 0;
			defaultConfigurationName = Release;
		};
		A265EA5019EF6A8100AD2BCC /* Build configuration list for PBXNativeTarget "customflow" */ = {
			isa = XCConfigurationList;
			buildConfigurations = (
				A265EA5119EF6A8100AD2BCC /* Debug */,
				A265EA5219EF6A8100AD2BCC /* Release */,
			);
			defaultConfigurationIsVisible = 0;
		};
		A265EA5319EF6A8100AD2BCC /* Build configuration list for PBXNativeTarget "customflowTests" */ = {
			isa = XCConfigurationList;
			buildConfigurations = (
				A265EA5419EF6A8100AD2BCC /* Debug */,
				A265EA5519EF6A8100AD2BCC /* Release */,
			);
			defaultConfigurationIsVisible = 0;
		};
/* End XCConfigurationList section */

/* Begin XCVersionGroup section */
		A265EA3519EF6A8100AD2BCC /* customflow.xcdatamodeld */ = {
			isa = XCVersionGroup;
			children = (
				A265EA3619EF6A8100AD2BCC /* customflow.xcdatamodel */,
			);
			currentVersion = A265EA3619EF6A8100AD2BCC /* customflow.xcdatamodel */;
			path = customflow.xcdatamodeld;
			sourceTree = "<group>";
			versionGroupType = wrapper.xcdatamodel;
		};
/* End XCVersionGroup section */
	};
	rootObject = A265EA2619EF6A8100AD2BCC /* Project object */;
}
