// !$*UTF8*$!
{
	archiveVersion = 1;
	classes = {
	};
	objectVersion = 46;
	objects = {

/* Begin PBXBuildFile section */
		F722B5771A112AB200EEAC3D /* main.m in Sources */ = {isa = PBXBuildFile; fileRef = F722B5761A112AB200EEAC3D /* main.m */; };
		F722B57A1A112AB200EEAC3D /* AppDelegate.m in Sources */ = {isa = PBXBuildFile; fileRef = F722B5791A112AB200EEAC3D /* AppDelegate.m */; };
		F722B57D1A112AB200EEAC3D /* ViewController.m in Sources */ = {isa = PBXBuildFile; fileRef = F722B57C1A112AB200EEAC3D /* ViewController.m */; };
		F722B5801A112AB200EEAC3D /* Main.storyboard in Resources */ = {isa = PBXBuildFile; fileRef = F722B57E1A112AB200EEAC3D /* Main.storyboard */; };
		F722B5821A112AB200EEAC3D /* Images.xcassets in Resources */ = {isa = PBXBuildFile; fileRef = F722B5811A112AB200EEAC3D /* Images.xcassets */; };
		F722B5851A112AB200EEAC3D /* LaunchScreen.xib in Resources */ = {isa = PBXBuildFile; fileRef = F722B5831A112AB200EEAC3D /* LaunchScreen.xib */; };
		F722B5911A112AB200EEAC3D /* FirstAppTests.m in Sources */ = {isa = PBXBuildFile; fileRef = F722B5901A112AB200EEAC3D /* FirstAppTests.m */; };
		F722B59C1A1141B600EEAC3D /* APILoader.m in Sources */ = {isa = PBXBuildFile; fileRef = F722B59B1A1141B600EEAC3D /* APILoader.m */; };
/* End PBXBuildFile section */

/* Begin PBXContainerItemProxy section */
		F722B58B1A112AB200EEAC3D /* PBXContainerItemProxy */ = {
			isa = PBXContainerItemProxy;
			containerPortal = F722B5691A112AB200EEAC3D /* Project object */;
			proxyType = 1;
			remoteGlobalIDString = F722B5701A112AB200EEAC3D;
			remoteInfo = FirstApp;
		};
/* End PBXContainerItemProxy section */

/* Begin PBXFileReference section */
		F722B5711A112AB200EEAC3D /* FirstApp.app */ = {isa = PBXFileReference; explicitFileType = wrapper.application; includeInIndex = 0; path = FirstApp.app; sourceTree = BUILT_PRODUCTS_DIR; };
		F722B5751A112AB200EEAC3D /* Info.plist */ = {isa = PBXFileReference; lastKnownFileType = text.plist.xml; path = Info.plist; sourceTree = "<group>"; };
		F722B5761A112AB200EEAC3D /* main.m */ = {isa = PBXFileReference; lastKnownFileType = sourcecode.c.objc; path = main.m; sourceTree = "<group>"; };
		F722B5781A112AB200EEAC3D /* AppDelegate.h */ = {isa = PBXFileReference; lastKnownFileType = sourcecode.c.h; path = AppDelegate.h; sourceTree = "<group>"; };
		F722B5791A112AB200EEAC3D /* AppDelegate.m */ = {isa = PBXFileReference; lastKnownFileType = sourcecode.c.objc; path = AppDelegate.m; sourceTree = "<group>"; };
		F722B57B1A112AB200EEAC3D /* ViewController.h */ = {isa = PBXFileReference; lastKnownFileType = sourcecode.c.h; path = ViewController.h; sourceTree = "<group>"; };
		F722B57C1A112AB200EEAC3D /* ViewController.m */ = {isa = PBXFileReference; lastKnownFileType = sourcecode.c.objc; path = ViewController.m; sourceTree = "<group>"; };
		F722B57F1A112AB200EEAC3D /* Base */ = {isa = PBXFileReference; lastKnownFileType = file.storyboard; name = Base; path = Base.lproj/Main.storyboard; sourceTree = "<group>"; };
		F722B5811A112AB200EEAC3D /* Images.xcassets */ = {isa = PBXFileReference; lastKnownFileType = folder.assetcatalog; path = Images.xcassets; sourceTree = "<group>"; };
		F722B5841A112AB200EEAC3D /* Base */ = {isa = PBXFileReference; lastKnownFileType = file.xib; name = Base; path = Base.lproj/LaunchScreen.xib; sourceTree = "<group>"; };
		F722B58A1A112AB200EEAC3D /* FirstAppTests.xctest */ = {isa = PBXFileReference; explicitFileType = wrapper.cfbundle; includeInIndex = 0; path = FirstAppTests.xctest; sourceTree = BUILT_PRODUCTS_DIR; };
		F722B58F1A112AB200EEAC3D /* Info.plist */ = {isa = PBXFileReference; lastKnownFileType = text.plist.xml; path = Info.plist; sourceTree = "<group>"; };
		F722B5901A112AB200EEAC3D /* FirstAppTests.m */ = {isa = PBXFileReference; lastKnownFileType = sourcecode.c.objc; path = FirstAppTests.m; sourceTree = "<group>"; };
		F722B59A1A1141B600EEAC3D /* APILoader.h */ = {isa = PBXFileReference; fileEncoding = 4; lastKnownFileType = sourcecode.c.h; path = APILoader.h; sourceTree = "<group>"; };
		F722B59B1A1141B600EEAC3D /* APILoader.m */ = {isa = PBXFileReference; fileEncoding = 4; lastKnownFileType = sourcecode.c.objc; path = APILoader.m; sourceTree = "<group>"; };
/* End PBXFileReference section */

/* Begin PBXFrameworksBuildPhase section */
		F722B56E1A112AB200EEAC3D /* Frameworks */ = {
			isa = PBXFrameworksBuildPhase;
			buildActionMask = 2147483647;
			files = (
			);
			runOnlyForDeploymentPostprocessing = 0;
		};
		F722B5871A112AB200EEAC3D /* Frameworks */ = {
			isa = PBXFrameworksBuildPhase;
			buildActionMask = 2147483647;
			files = (
			);
			runOnlyForDeploymentPostprocessing = 0;
		};
/* End PBXFrameworksBuildPhase section */

/* Begin PBXGroup section */
		F722B5681A112AB200EEAC3D = {
			isa = PBXGroup;
			children = (
				F722B5731A112AB200EEAC3D /* FirstApp */,
				F722B58D1A112AB200EEAC3D /* FirstAppTests */,
				F722B5721A112AB200EEAC3D /* Products */,
			);
			sourceTree = "<group>";
		};
		F722B5721A112AB200EEAC3D /* Products */ = {
			isa = PBXGroup;
			children = (
				F722B5711A112AB200EEAC3D /* FirstApp.app */,
				F722B58A1A112AB200EEAC3D /* FirstAppTests.xctest */,
			);
			name = Products;
			sourceTree = "<group>";
		};
		F722B5731A112AB200EEAC3D /* FirstApp */ = {
			isa = PBXGroup;
			children = (
				F722B5781A112AB200EEAC3D /* AppDelegate.h */,
				F722B5791A112AB200EEAC3D /* AppDelegate.m */,
				F722B57B1A112AB200EEAC3D /* ViewController.h */,
				F722B57C1A112AB200EEAC3D /* ViewController.m */,
				F722B59A1A1141B600EEAC3D /* APILoader.h */,
				F722B59B1A1141B600EEAC3D /* APILoader.m */,
				F722B57E1A112AB200EEAC3D /* Main.storyboard */,
				F722B5811A112AB200EEAC3D /* Images.xcassets */,
				F722B5831A112AB200EEAC3D /* LaunchScreen.xib */,
				F722B5741A112AB200EEAC3D /* Supporting Files */,
			);
			path = FirstApp;
			sourceTree = "<group>";
		};
		F722B5741A112AB200EEAC3D /* Supporting Files */ = {
			isa = PBXGroup;
			children = (
				F722B5751A112AB200EEAC3D /* Info.plist */,
				F722B5761A112AB200EEAC3D /* main.m */,
			);
			name = "Supporting Files";
			sourceTree = "<group>";
		};
		F722B58D1A112AB200EEAC3D /* FirstAppTests */ = {
			isa = PBXGroup;
			children = (
				F722B5901A112AB200EEAC3D /* FirstAppTests.m */,
				F722B58E1A112AB200EEAC3D /* Supporting Files */,
			);
			path = FirstAppTests;
			sourceTree = "<group>";
		};
		F722B58E1A112AB200EEAC3D /* Supporting Files */ = {
			isa = PBXGroup;
			children = (
				F722B58F1A112AB200EEAC3D /* Info.plist */,
			);
			name = "Supporting Files";
			sourceTree = "<group>";
		};
/* End PBXGroup section */

/* Begin PBXNativeTarget section */
		F722B5701A112AB200EEAC3D /* FirstApp */ = {
			isa = PBXNativeTarget;
			buildConfigurationList = F722B5941A112AB200EEAC3D /* Build configuration list for PBXNativeTarget "FirstApp" */;
			buildPhases = (
				F722B56D1A112AB200EEAC3D /* Sources */,
				F722B56E1A112AB200EEAC3D /* Frameworks */,
				F722B56F1A112AB200EEAC3D /* Resources */,
			);
			buildRules = (
			);
			dependencies = (
			);
			name = FirstApp;
			productName = FirstApp;
			productReference = F722B5711A112AB200EEAC3D /* FirstApp.app */;
			productType = "com.apple.product-type.application";
		};
		F722B5891A112AB200EEAC3D /* FirstAppTests */ = {
			isa = PBXNativeTarget;
			buildConfigurationList = F722B5971A112AB200EEAC3D /* Build configuration list for PBXNativeTarget "FirstAppTests" */;
			buildPhases = (
				F722B5861A112AB200EEAC3D /* Sources */,
				F722B5871A112AB200EEAC3D /* Frameworks */,
				F722B5881A112AB200EEAC3D /* Resources */,
			);
			buildRules = (
			);
			dependencies = (
				F722B58C1A112AB200EEAC3D /* PBXTargetDependency */,
			);
			name = FirstAppTests;
			productName = FirstAppTests;
			productReference = F722B58A1A112AB200EEAC3D /* FirstAppTests.xctest */;
			productType = "com.apple.product-type.bundle.unit-test";
		};
/* End PBXNativeTarget section */

/* Begin PBXProject section */
		F722B5691A112AB200EEAC3D /* Project object */ = {
			isa = PBXProject;
			attributes = {
				LastUpgradeCheck = 0610;
				ORGANIZATIONNAME = "Andrew Shepard";
				TargetAttributes = {
					F722B5701A112AB200EEAC3D = {
						CreatedOnToolsVersion = 6.1;
					};
					F722B5891A112AB200EEAC3D = {
						CreatedOnToolsVersion = 6.1;
						TestTargetID = F722B5701A112AB200EEAC3D;
					};
				};
			};
			buildConfigurationList = F722B56C1A112AB200EEAC3D /* Build configuration list for PBXProject "FirstApp" */;
			compatibilityVersion = "Xcode 3.2";
			developmentRegion = English;
			hasScannedForEncodings = 0;
			knownRegions = (
				en,
				Base,
			);
			mainGroup = F722B5681A112AB200EEAC3D;
			productRefGroup = F722B5721A112AB200EEAC3D /* Products */;
			projectDirPath = "";
			projectRoot = "";
			targets = (
				F722B5701A112AB200EEAC3D /* FirstApp */,
				F722B5891A112AB200EEAC3D /* FirstAppTests */,
			);
		};
/* End PBXProject section */

/* Begin PBXResourcesBuildPhase section */
		F722B56F1A112AB200EEAC3D /* Resources */ = {
			isa = PBXResourcesBuildPhase;
			buildActionMask = 2147483647;
			files = (
				F722B5801A112AB200EEAC3D /* Main.storyboard in Resources */,
				F722B5851A112AB200EEAC3D /* LaunchScreen.xib in Resources */,
				F722B5821A112AB200EEAC3D /* Images.xcassets in Resources */,
			);
			runOnlyForDeploymentPostprocessing = 0;
		};
		F722B5881A112AB200EEAC3D /* Resources */ = {
			isa = PBXResourcesBuildPhase;
			buildActionMask = 2147483647;
			files = (
			);
			runOnlyForDeploymentPostprocessing = 0;
		};
/* End PBXResourcesBuildPhase section */

/* Begin PBXSourcesBuildPhase section */
		F722B56D1A112AB200EEAC3D /* Sources */ = {
			isa = PBXSourcesBuildPhase;
			buildActionMask = 2147483647;
			files = (
				F722B57D1A112AB200EEAC3D /* ViewController.m in Sources */,
				F722B57A1A112AB200EEAC3D /* AppDelegate.m in Sources */,
				F722B5771A112AB200EEAC3D /* main.m in Sources */,
				F722B59C1A1141B600EEAC3D /* APILoader.m in Sources */,
			);
			runOnlyForDeploymentPostprocessing = 0;
		};
		F722B5861A112AB200EEAC3D /* Sources */ = {
			isa = PBXSourcesBuildPhase;
			buildActionMask = 2147483647;
			files = (
				F722B5911A112AB200EEAC3D /* FirstAppTests.m in Sources */,
			);
			runOnlyForDeploymentPostprocessing = 0;
		};
/* End PBXSourcesBuildPhase section */

/* Begin PBXTargetDependency section */
		F722B58C1A112AB200EEAC3D /* PBXTargetDependency */ = {
			isa = PBXTargetDependency;
			target = F722B5701A112AB200EEAC3D /* FirstApp */;
			targetProxy = F722B58B1A112AB200EEAC3D /* PBXContainerItemProxy */;
		};
/* End PBXTargetDependency section */

/* Begin PBXVariantGroup section */
		F722B57E1A112AB200EEAC3D /* Main.storyboard */ = {
			isa = PBXVariantGroup;
			children = (
				F722B57F1A112AB200EEAC3D /* Base */,
			);
			name = Main.storyboard;
			sourceTree = "<group>";
		};
		F722B5831A112AB200EEAC3D /* LaunchScreen.xib */ = {
			isa = PBXVariantGroup;
			children = (
				F722B5841A112AB200EEAC3D /* Base */,
			);
			name = LaunchScreen.xib;
			sourceTree = "<group>";
		};
/* End PBXVariantGroup section */

/* Begin XCBuildConfiguration section */
		F722B5921A112AB200EEAC3D /* Debug */ = {
			isa = XCBuildConfiguration;
			buildSettings = {
				ALWAYS_SEARCH_USER_PATHS = NO;
				CLANG_CXX_LANGUAGE_STANDARD = "gnu++0x";
				CLANG_CXX_LIBRARY = "libc++";
				CLANG_ENABLE_MODULES = YES;
				CLANG_ENABLE_OBJC_ARC = YES;
				CLANG_WARN_BOOL_CONVERSION = YES;
				CLANG_WARN_CONSTANT_CONVERSION = YES;
				CLANG_WARN_DIRECT_OBJC_ISA_USAGE = YES_ERROR;
				CLANG_WARN_EMPTY_BODY = YES;
				CLANG_WARN_ENUM_CONVERSION = YES;
				CLANG_WARN_INT_CONVERSION = YES;
				CLANG_WARN_OBJC_ROOT_CLASS = YES_ERROR;
				CLANG_WARN_UNREACHABLE_CODE = YES;
				CLANG_WARN__DUPLICATE_METHOD_MATCH = YES;
				"CODE_SIGN_IDENTITY[sdk=iphoneos*]" = "iPhone Developer";
				COPY_PHASE_STRIP = NO;
				ENABLE_STRICT_OBJC_MSGSEND = YES;
				GCC_C_LANGUAGE_STANDARD = gnu99;
				GCC_DYNAMIC_NO_PIC = NO;
				GCC_OPTIMIZATION_LEVEL = 0;
				GCC_PREPROCESSOR_DEFINITIONS = (
					"DEBUG=1",
					"$(inherited)",
				);
				GCC_SYMBOLS_PRIVATE_EXTERN = NO;
				GCC_WARN_64_TO_32_BIT_CONVERSION = YES;
				GCC_WARN_ABOUT_RETURN_TYPE = YES_ERROR;
				GCC_WARN_UNDECLARED_SELECTOR = YES;
				GCC_WARN_UNINITIALIZED_AUTOS = YES_AGGRESSIVE;
				GCC_WARN_UNUSED_FUNCTION = YES;
				GCC_WARN_UNUSED_VARIABLE = YES;
				IPHONEOS_DEPLOYMENT_TARGET = 8.1;
				MTL_ENABLE_DEBUG_INFO = YES;
				ONLY_ACTIVE_ARCH = YES;
				SDKROOT = iphoneos;
				TARGETED_DEVICE_FAMILY = "1,2";
			};
			name = Debug;
		};
		F722B5931A112AB200EEAC3D /* Release */ = {
			isa = XCBuildConfiguration;
			buildSettings = {
				ALWAYS_SEARCH_USER_PATHS = NO;
				CLANG_CXX_LANGUAGE_STANDARD = "gnu++0x";
				CLANG_CXX_LIBRARY = "libc++";
				CLANG_ENABLE_MODULES = YES;
				CLANG_ENABLE_OBJC_ARC = YES;
				CLANG_WARN_BOOL_CONVERSION = YES;
				CLANG_WARN_CONSTANT_CONVERSION = YES;
				CLANG_WARN_DIRECT_OBJC_ISA_USAGE = YES_ERROR;
				CLANG_WARN_EMPTY_BODY = YES;
				CLANG_WARN_ENUM_CONVERSION = YES;
				CLANG_WARN_INT_CONVERSION = YES;
				CLANG_WARN_OBJC_ROOT_CLASS = YES_ERROR;
				CLANG_WARN_UNREACHABLE_CODE = YES;
				CLANG_WARN__DUPLICATE_METHOD_MATCH = YES;
				"CODE_SIGN_IDENTITY[sdk=iphoneos*]" = "iPhone Developer";
				COPY_PHASE_STRIP = YES;
				ENABLE_NS_ASSERTIONS = NO;
				ENABLE_STRICT_OBJC_MSGSEND = YES;
				GCC_C_LANGUAGE_STANDARD = gnu99;
				GCC_WARN_64_TO_32_BIT_CONVERSION = YES;
				GCC_WARN_ABOUT_RETURN_TYPE = YES_ERROR;
				GCC_WARN_UNDECLARED_SELECTOR = YES;
				GCC_WARN_UNINITIALIZED_AUTOS = YES_AGGRESSIVE;
				GCC_WARN_UNUSED_FUNCTION = YES;
				GCC_WARN_UNUSED_VARIABLE = YES;
				IPHONEOS_DEPLOYMENT_TARGET = 8.1;
				MTL_ENABLE_DEBUG_INFO = NO;
				SDKROOT = iphoneos;
				TARGETED_DEVICE_FAMILY = "1,2";
				VALIDATE_PRODUCT = YES;
			};
			name = Release;
		};
		F722B5951A112AB200EEAC3D /* Debug */ = {
			isa = XCBuildConfiguration;
			buildSettings = {
				ASSETCATALOG_COMPILER_APPICON_NAME = AppIcon;
				INFOPLIST_FILE = FirstApp/Info.plist;
				LD_RUNPATH_SEARCH_PATHS = "$(inherited) @executable_path/Frameworks";
				PRODUCT_NAME = "$(TARGET_NAME)";
			};
			name = Debug;
		};
		F722B5961A112AB200EEAC3D /* Release */ = {
			isa = XCBuildConfiguration;
			buildSettings = {
				ASSETCATALOG_COMPILER_APPICON_NAME = AppIcon;
				INFOPLIST_FILE = FirstApp/Info.plist;
				LD_RUNPATH_SEARCH_PATHS = "$(inherited) @executable_path/Frameworks";
				PRODUCT_NAME = "$(TARGET_NAME)";
			};
			name = Release;
		};
		F722B5981A112AB200EEAC3D /* Debug */ = {
			isa = XCBuildConfiguration;
			buildSettings = {
				BUNDLE_LOADER = "$(TEST_HOST)";
				FRAMEWORK_SEARCH_PATHS = (
					"$(SDKROOT)/Developer/Library/Frameworks",
					"$(inherited)",
				);
				GCC_PREPROCESSOR_DEFINITIONS = (
					"DEBUG=1",
					"$(inherited)",
				);
				INFOPLIST_FILE = FirstAppTests/Info.plist;
				LD_RUNPATH_SEARCH_PATHS = "$(inherited) @executable_path/Frameworks @loader_path/Frameworks";
				PRODUCT_NAME = "$(TARGET_NAME)";
				TEST_HOST = "$(BUILT_PRODUCTS_DIR)/FirstApp.app/FirstApp";
			};
			name = Debug;
		};
		F722B5991A112AB200EEAC3D /* Release */ = {
			isa = XCBuildConfiguration;
			buildSettings = {
				BUNDLE_LOADER = "$(TEST_HOST)";
				FRAMEWORK_SEARCH_PATHS = (
					"$(SDKROOT)/Developer/Library/Frameworks",
					"$(inherited)",
				);
				INFOPLIST_FILE = FirstAppTests/Info.plist;
				LD_RUNPATH_SEARCH_PATHS = "$(inherited) @executable_path/Frameworks @loader_path/Frameworks";
				PRODUCT_NAME = "$(TARGET_NAME)";
				TEST_HOST = "$(BUILT_PRODUCTS_DIR)/FirstApp.app/FirstApp";
			};
			name = Release;
		};
/* End XCBuildConfiguration section */

/* Begin XCConfigurationList section */
		F722B56C1A112AB200EEAC3D /* Build configuration list for PBXProject "FirstApp" */ = {
			isa = XCConfigurationList;
			buildConfigurations = (
				F722B5921A112AB200EEAC3D /* Debug */,
				F722B5931A112AB200EEAC3D /* Release */,
			);
			defaultConfigurationIsVisible = 0;
			defaultConfigurationName = Release;
		};
		F722B5941A112AB200EEAC3D /* Build configuration list for PBXNativeTarget "FirstApp" */ = {
			isa = XCConfigurationList;
			buildConfigurations = (
				F722B5951A112AB200EEAC3D /* Debug */,
				F722B5961A112AB200EEAC3D /* Release */,
			);
			defaultConfigurationIsVisible = 0;
		};
		F722B5971A112AB200EEAC3D /* Build configuration list for PBXNativeTarget "FirstAppTests" */ = {
			isa = XCConfigurationList;
			buildConfigurations = (
				F722B5981A112AB200EEAC3D /* Debug */,
				F722B5991A112AB200EEAC3D /* Release */,
			);
			defaultConfigurationIsVisible = 0;
		};
/* End XCConfigurationList section */
	};
	rootObject = F722B5691A112AB200EEAC3D /* Project object */;
}
