// !$*UTF8*$!
{
	archiveVersion = 1;
	classes = {
	};
	objectVersion = 46;
	objects = {

/* Begin PBXBuildFile section */
		2C5525D61A9D3AF3004334EC /* AppDelegate.swift in Sources */ = {isa = PBXBuildFile; fileRef = 2C5525D51A9D3AF3004334EC /* AppDelegate.swift */; };
		2C5525D81A9D3AF3004334EC /* ViewController.swift in Sources */ = {isa = PBXBuildFile; fileRef = 2C5525D71A9D3AF3004334EC /* ViewController.swift */; };
		2C5525DB1A9D3AF3004334EC /* Main.storyboard in Resources */ = {isa = PBXBuildFile; fileRef = 2C5525D91A9D3AF3004334EC /* Main.storyboard */; };
		2C5525DD1A9D3AF3004334EC /* Images.xcassets in Resources */ = {isa = PBXBuildFile; fileRef = 2C5525DC1A9D3AF3004334EC /* Images.xcassets */; };
		2C5525E01A9D3AF3004334EC /* LaunchScreen.xib in Resources */ = {isa = PBXBuildFile; fileRef = 2C5525DE1A9D3AF3004334EC /* LaunchScreen.xib */; };
		2C5525EC1A9D3AF4004334EC /* BingPhotoOfTheDayTests.swift in Sources */ = {isa = PBXBuildFile; fileRef = 2C5525EB1A9D3AF4004334EC /* BingPhotoOfTheDayTests.swift */; };
		2C5525F61A9D3BA7004334EC /* NetworkController.swift in Sources */ = {isa = PBXBuildFile; fileRef = 2C5525F51A9D3BA7004334EC /* NetworkController.swift */; };
/* End PBXBuildFile section */

/* Begin PBXContainerItemProxy section */
		2C5525E61A9D3AF4004334EC /* PBXContainerItemProxy */ = {
			isa = PBXContainerItemProxy;
			containerPortal = 2C5525C81A9D3AF3004334EC /* Project object */;
			proxyType = 1;
			remoteGlobalIDString = 2C5525CF1A9D3AF3004334EC;
			remoteInfo = BingPhotoOfTheDay;
		};
/* End PBXContainerItemProxy section */

/* Begin PBXFileReference section */
		2C5525D01A9D3AF3004334EC /* BingPhotoOfTheDay.app */ = {isa = PBXFileReference; explicitFileType = wrapper.application; includeInIndex = 0; path = BingPhotoOfTheDay.app; sourceTree = BUILT_PRODUCTS_DIR; };
		2C5525D41A9D3AF3004334EC /* Info.plist */ = {isa = PBXFileReference; lastKnownFileType = text.plist.xml; path = Info.plist; sourceTree = "<group>"; };
		2C5525D51A9D3AF3004334EC /* AppDelegate.swift */ = {isa = PBXFileReference; lastKnownFileType = sourcecode.swift; path = AppDelegate.swift; sourceTree = "<group>"; };
		2C5525D71A9D3AF3004334EC /* ViewController.swift */ = {isa = PBXFileReference; lastKnownFileType = sourcecode.swift; path = ViewController.swift; sourceTree = "<group>"; };
		2C5525DA1A9D3AF3004334EC /* Base */ = {isa = PBXFileReference; lastKnownFileType = file.storyboard; name = Base; path = Base.lproj/Main.storyboard; sourceTree = "<group>"; };
		2C5525DC1A9D3AF3004334EC /* Images.xcassets */ = {isa = PBXFileReference; lastKnownFileType = folder.assetcatalog; path = Images.xcassets; sourceTree = "<group>"; };
		2C5525DF1A9D3AF3004334EC /* Base */ = {isa = PBXFileReference; lastKnownFileType = file.xib; name = Base; path = Base.lproj/LaunchScreen.xib; sourceTree = "<group>"; };
		2C5525E51A9D3AF4004334EC /* BingPhotoOfTheDayTests.xctest */ = {isa = PBXFileReference; explicitFileType = wrapper.cfbundle; includeInIndex = 0; path = BingPhotoOfTheDayTests.xctest; sourceTree = BUILT_PRODUCTS_DIR; };
		2C5525EA1A9D3AF4004334EC /* Info.plist */ = {isa = PBXFileReference; lastKnownFileType = text.plist.xml; path = Info.plist; sourceTree = "<group>"; };
		2C5525EB1A9D3AF4004334EC /* BingPhotoOfTheDayTests.swift */ = {isa = PBXFileReference; lastKnownFileType = sourcecode.swift; path = BingPhotoOfTheDayTests.swift; sourceTree = "<group>"; };
		2C5525F51A9D3BA7004334EC /* NetworkController.swift */ = {isa = PBXFileReference; fileEncoding = 4; lastKnownFileType = sourcecode.swift; path = NetworkController.swift; sourceTree = "<group>"; };
/* End PBXFileReference section */

/* Begin PBXFrameworksBuildPhase section */
		2C5525CD1A9D3AF3004334EC /* Frameworks */ = {
			isa = PBXFrameworksBuildPhase;
			buildActionMask = 2147483647;
			files = (
			);
			runOnlyForDeploymentPostprocessing = 0;
		};
		2C5525E21A9D3AF4004334EC /* Frameworks */ = {
			isa = PBXFrameworksBuildPhase;
			buildActionMask = 2147483647;
			files = (
			);
			runOnlyForDeploymentPostprocessing = 0;
		};
/* End PBXFrameworksBuildPhase section */

/* Begin PBXGroup section */
		2C5525C71A9D3AF3004334EC = {
			isa = PBXGroup;
			children = (
				2C5525D21A9D3AF3004334EC /* BingPhotoOfTheDay */,
				2C5525E81A9D3AF4004334EC /* BingPhotoOfTheDayTests */,
				2C5525D11A9D3AF3004334EC /* Products */,
			);
			sourceTree = "<group>";
		};
		2C5525D11A9D3AF3004334EC /* Products */ = {
			isa = PBXGroup;
			children = (
				2C5525D01A9D3AF3004334EC /* BingPhotoOfTheDay.app */,
				2C5525E51A9D3AF4004334EC /* BingPhotoOfTheDayTests.xctest */,
			);
			name = Products;
			sourceTree = "<group>";
		};
		2C5525D21A9D3AF3004334EC /* BingPhotoOfTheDay */ = {
			isa = PBXGroup;
			children = (
				2C5525D51A9D3AF3004334EC /* AppDelegate.swift */,
				2C5525D71A9D3AF3004334EC /* ViewController.swift */,
				2C5525F51A9D3BA7004334EC /* NetworkController.swift */,
				2C5525D91A9D3AF3004334EC /* Main.storyboard */,
				2C5525DC1A9D3AF3004334EC /* Images.xcassets */,
				2C5525DE1A9D3AF3004334EC /* LaunchScreen.xib */,
				2C5525D31A9D3AF3004334EC /* Supporting Files */,
			);
			path = BingPhotoOfTheDay;
			sourceTree = "<group>";
		};
		2C5525D31A9D3AF3004334EC /* Supporting Files */ = {
			isa = PBXGroup;
			children = (
				2C5525D41A9D3AF3004334EC /* Info.plist */,
			);
			name = "Supporting Files";
			sourceTree = "<group>";
		};
		2C5525E81A9D3AF4004334EC /* BingPhotoOfTheDayTests */ = {
			isa = PBXGroup;
			children = (
				2C5525EB1A9D3AF4004334EC /* BingPhotoOfTheDayTests.swift */,
				2C5525E91A9D3AF4004334EC /* Supporting Files */,
			);
			path = BingPhotoOfTheDayTests;
			sourceTree = "<group>";
		};
		2C5525E91A9D3AF4004334EC /* Supporting Files */ = {
			isa = PBXGroup;
			children = (
				2C5525EA1A9D3AF4004334EC /* Info.plist */,
			);
			name = "Supporting Files";
			sourceTree = "<group>";
		};
/* End PBXGroup section */

/* Begin PBXNativeTarget section */
		2C5525CF1A9D3AF3004334EC /* BingPhotoOfTheDay */ = {
			isa = PBXNativeTarget;
			buildConfigurationList = 2C5525EF1A9D3AF4004334EC /* Build configuration list for PBXNativeTarget "BingPhotoOfTheDay" */;
			buildPhases = (
				2C5525CC1A9D3AF3004334EC /* Sources */,
				2C5525CD1A9D3AF3004334EC /* Frameworks */,
				2C5525CE1A9D3AF3004334EC /* Resources */,
			);
			buildRules = (
			);
			dependencies = (
			);
			name = BingPhotoOfTheDay;
			productName = BingPhotoOfTheDay;
			productReference = 2C5525D01A9D3AF3004334EC /* BingPhotoOfTheDay.app */;
			productType = "com.apple.product-type.application";
		};
		2C5525E41A9D3AF4004334EC /* BingPhotoOfTheDayTests */ = {
			isa = PBXNativeTarget;
			buildConfigurationList = 2C5525F21A9D3AF4004334EC /* Build configuration list for PBXNativeTarget "BingPhotoOfTheDayTests" */;
			buildPhases = (
				2C5525E11A9D3AF4004334EC /* Sources */,
				2C5525E21A9D3AF4004334EC /* Frameworks */,
				2C5525E31A9D3AF4004334EC /* Resources */,
			);
			buildRules = (
			);
			dependencies = (
				2C5525E71A9D3AF4004334EC /* PBXTargetDependency */,
			);
			name = BingPhotoOfTheDayTests;
			productName = BingPhotoOfTheDayTests;
			productReference = 2C5525E51A9D3AF4004334EC /* BingPhotoOfTheDayTests.xctest */;
			productType = "com.apple.product-type.bundle.unit-test";
		};
/* End PBXNativeTarget section */

/* Begin PBXProject section */
		2C5525C81A9D3AF3004334EC /* Project object */ = {
			isa = PBXProject;
			attributes = {
				LastUpgradeCheck = 0610;
				ORGANIZATIONNAME = CodeFellows;
				TargetAttributes = {
					2C5525CF1A9D3AF3004334EC = {
						CreatedOnToolsVersion = 6.1.1;
					};
					2C5525E41A9D3AF4004334EC = {
						CreatedOnToolsVersion = 6.1.1;
						TestTargetID = 2C5525CF1A9D3AF3004334EC;
					};
				};
			};
			buildConfigurationList = 2C5525CB1A9D3AF3004334EC /* Build configuration list for PBXProject "BingPhotoOfTheDay" */;
			compatibilityVersion = "Xcode 3.2";
			developmentRegion = English;
			hasScannedForEncodings = 0;
			knownRegions = (
				en,
				Base,
			);
			mainGroup = 2C5525C71A9D3AF3004334EC;
			productRefGroup = 2C5525D11A9D3AF3004334EC /* Products */;
			projectDirPath = "";
			projectRoot = "";
			targets = (
				2C5525CF1A9D3AF3004334EC /* BingPhotoOfTheDay */,
				2C5525E41A9D3AF4004334EC /* BingPhotoOfTheDayTests */,
			);
		};
/* End PBXProject section */

/* Begin PBXResourcesBuildPhase section */
		2C5525CE1A9D3AF3004334EC /* Resources */ = {
			isa = PBXResourcesBuildPhase;
			buildActionMask = 2147483647;
			files = (
				2C5525DB1A9D3AF3004334EC /* Main.storyboard in Resources */,
				2C5525E01A9D3AF3004334EC /* LaunchScreen.xib in Resources */,
				2C5525DD1A9D3AF3004334EC /* Images.xcassets in Resources */,
			);
			runOnlyForDeploymentPostprocessing = 0;
		};
		2C5525E31A9D3AF4004334EC /* Resources */ = {
			isa = PBXResourcesBuildPhase;
			buildActionMask = 2147483647;
			files = (
			);
			runOnlyForDeploymentPostprocessing = 0;
		};
/* End PBXResourcesBuildPhase section */

/* Begin PBXSourcesBuildPhase section */
		2C5525CC1A9D3AF3004334EC /* Sources */ = {
			isa = PBXSourcesBuildPhase;
			buildActionMask = 2147483647;
			files = (
				2C5525D81A9D3AF3004334EC /* ViewController.swift in Sources */,
				2C5525D61A9D3AF3004334EC /* AppDelegate.swift in Sources */,
				2C5525F61A9D3BA7004334EC /* NetworkController.swift in Sources */,
			);
			runOnlyForDeploymentPostprocessing = 0;
		};
		2C5525E11A9D3AF4004334EC /* Sources */ = {
			isa = PBXSourcesBuildPhase;
			buildActionMask = 2147483647;
			files = (
				2C5525EC1A9D3AF4004334EC /* BingPhotoOfTheDayTests.swift in Sources */,
			);
			runOnlyForDeploymentPostprocessing = 0;
		};
/* End PBXSourcesBuildPhase section */

/* Begin PBXTargetDependency section */
		2C5525E71A9D3AF4004334EC /* PBXTargetDependency */ = {
			isa = PBXTargetDependency;
			target = 2C5525CF1A9D3AF3004334EC /* BingPhotoOfTheDay */;
			targetProxy = 2C5525E61A9D3AF4004334EC /* PBXContainerItemProxy */;
		};
/* End PBXTargetDependency section */

/* Begin PBXVariantGroup section */
		2C5525D91A9D3AF3004334EC /* Main.storyboard */ = {
			isa = PBXVariantGroup;
			children = (
				2C5525DA1A9D3AF3004334EC /* Base */,
			);
			name = Main.storyboard;
			sourceTree = "<group>";
		};
		2C5525DE1A9D3AF3004334EC /* LaunchScreen.xib */ = {
			isa = PBXVariantGroup;
			children = (
				2C5525DF1A9D3AF3004334EC /* Base */,
			);
			name = LaunchScreen.xib;
			sourceTree = "<group>";
		};
/* End PBXVariantGroup section */

/* Begin XCBuildConfiguration section */
		2C5525ED1A9D3AF4004334EC /* Debug */ = {
			isa = XCBuildConfiguration;
			buildSettings = {
				ALWAYS_SEARCH_USER_PATHS = NO;
				CLANG_CXX_LANGUAGE_STANDARD = "gnu++0x";
				CLANG_CXX_LIBRARY = "libc++";
				CLANG_ENABLE_MODULES = YES;
				CLANG_ENABLE_OBJC_ARC = YES;
				CLANG_WARN_BOOL_CONVERSION = YES;
				CLANG_WARN_CONSTANT_CONVERSION = YES;
				CLANG_WARN_DIRECT_OBJC_ISA_USAGE = YES_ERROR;
				CLANG_WARN_EMPTY_BODY = YES;
				CLANG_WARN_ENUM_CONVERSION = YES;
				CLANG_WARN_INT_CONVERSION = YES;
				CLANG_WARN_OBJC_ROOT_CLASS = YES_ERROR;
				CLANG_WARN_UNREACHABLE_CODE = YES;
				CLANG_WARN__DUPLICATE_METHOD_MATCH = YES;
				"CODE_SIGN_IDENTITY[sdk=iphoneos*]" = "iPhone Developer";
				COPY_PHASE_STRIP = NO;
				ENABLE_STRICT_OBJC_MSGSEND = YES;
				GCC_C_LANGUAGE_STANDARD = gnu99;
				GCC_DYNAMIC_NO_PIC = NO;
				GCC_OPTIMIZATION_LEVEL = 0;
				GCC_PREPROCESSOR_DEFINITIONS = (
					"DEBUG=1",
					"$(inherited)",
				);
				GCC_SYMBOLS_PRIVATE_EXTERN = NO;
				GCC_WARN_64_TO_32_BIT_CONVERSION = YES;
				GCC_WARN_ABOUT_RETURN_TYPE = YES_ERROR;
				GCC_WARN_UNDECLARED_SELECTOR = YES;
				GCC_WARN_UNINITIALIZED_AUTOS = YES_AGGRESSIVE;
				GCC_WARN_UNUSED_FUNCTION = YES;
				GCC_WARN_UNUSED_VARIABLE = YES;
				IPHONEOS_DEPLOYMENT_TARGET = 8.1;
				MTL_ENABLE_DEBUG_INFO = YES;
				ONLY_ACTIVE_ARCH = YES;
				SDKROOT = iphoneos;
				SWIFT_OPTIMIZATION_LEVEL = "-Onone";
				TARGETED_DEVICE_FAMILY = "1,2";
			};
			name = Debug;
		};
		2C5525EE1A9D3AF4004334EC /* Release */ = {
			isa = XCBuildConfiguration;
			buildSettings = {
				ALWAYS_SEARCH_USER_PATHS = NO;
				CLANG_CXX_LANGUAGE_STANDARD = "gnu++0x";
				CLANG_CXX_LIBRARY = "libc++";
				CLANG_ENABLE_MODULES = YES;
				CLANG_ENABLE_OBJC_ARC = YES;
				CLANG_WARN_BOOL_CONVERSION = YES;
				CLANG_WARN_CONSTANT_CONVERSION = YES;
				CLANG_WARN_DIRECT_OBJC_ISA_USAGE = YES_ERROR;
				CLANG_WARN_EMPTY_BODY = YES;
				CLANG_WARN_ENUM_CONVERSION = YES;
				CLANG_WARN_INT_CONVERSION = YES;
				CLANG_WARN_OBJC_ROOT_CLASS = YES_ERROR;
				CLANG_WARN_UNREACHABLE_CODE = YES;
				CLANG_WARN__DUPLICATE_METHOD_MATCH = YES;
				"CODE_SIGN_IDENTITY[sdk=iphoneos*]" = "iPhone Developer";
				COPY_PHASE_STRIP = YES;
				ENABLE_NS_ASSERTIONS = NO;
				ENABLE_STRICT_OBJC_MSGSEND = YES;
				GCC_C_LANGUAGE_STANDARD = gnu99;
				GCC_WARN_64_TO_32_BIT_CONVERSION = YES;
				GCC_WARN_ABOUT_RETURN_TYPE = YES_ERROR;
				GCC_WARN_UNDECLARED_SELECTOR = YES;
				GCC_WARN_UNINITIALIZED_AUTOS = YES_AGGRESSIVE;
				GCC_WARN_UNUSED_FUNCTION = YES;
				GCC_WARN_UNUSED_VARIABLE = YES;
				IPHONEOS_DEPLOYMENT_TARGET = 8.1;
				MTL_ENABLE_DEBUG_INFO = NO;
				SDKROOT = iphoneos;
				TARGETED_DEVICE_FAMILY = "1,2";
				VALIDATE_PRODUCT = YES;
			};
			name = Release;
		};
		2C5525F01A9D3AF4004334EC /* Debug */ = {
			isa = XCBuildConfiguration;
			buildSettings = {
				ASSETCATALOG_COMPILER_APPICON_NAME = AppIcon;
				INFOPLIST_FILE = BingPhotoOfTheDay/Info.plist;
				LD_RUNPATH_SEARCH_PATHS = "$(inherited) @executable_path/Frameworks";
				PRODUCT_NAME = "$(TARGET_NAME)";
			};
			name = Debug;
		};
		2C5525F11A9D3AF4004334EC /* Release */ = {
			isa = XCBuildConfiguration;
			buildSettings = {
				ASSETCATALOG_COMPILER_APPICON_NAME = AppIcon;
				INFOPLIST_FILE = BingPhotoOfTheDay/Info.plist;
				LD_RUNPATH_SEARCH_PATHS = "$(inherited) @executable_path/Frameworks";
				PRODUCT_NAME = "$(TARGET_NAME)";
			};
			name = Release;
		};
		2C5525F31A9D3AF4004334EC /* Debug */ = {
			isa = XCBuildConfiguration;
			buildSettings = {
				BUNDLE_LOADER = "$(TEST_HOST)";
				FRAMEWORK_SEARCH_PATHS = (
					"$(SDKROOT)/Developer/Library/Frameworks",
					"$(inherited)",
				);
				GCC_PREPROCESSOR_DEFINITIONS = (
					"DEBUG=1",
					"$(inherited)",
				);
				INFOPLIST_FILE = BingPhotoOfTheDayTests/Info.plist;
				LD_RUNPATH_SEARCH_PATHS = "$(inherited) @executable_path/Frameworks @loader_path/Frameworks";
				PRODUCT_NAME = "$(TARGET_NAME)";
				TEST_HOST = "$(BUILT_PRODUCTS_DIR)/BingPhotoOfTheDay.app/BingPhotoOfTheDay";
			};
			name = Debug;
		};
		2C5525F41A9D3AF4004334EC /* Release */ = {
			isa = XCBuildConfiguration;
			buildSettings = {
				BUNDLE_LOADER = "$(TEST_HOST)";
				FRAMEWORK_SEARCH_PATHS = (
					"$(SDKROOT)/Developer/Library/Frameworks",
					"$(inherited)",
				);
				INFOPLIST_FILE = BingPhotoOfTheDayTests/Info.plist;
				LD_RUNPATH_SEARCH_PATHS = "$(inherited) @executable_path/Frameworks @loader_path/Frameworks";
				PRODUCT_NAME = "$(TARGET_NAME)";
				TEST_HOST = "$(BUILT_PRODUCTS_DIR)/BingPhotoOfTheDay.app/BingPhotoOfTheDay";
			};
			name = Release;
		};
/* End XCBuildConfiguration section */

/* Begin XCConfigurationList section */
		2C5525CB1A9D3AF3004334EC /* Build configuration list for PBXProject "BingPhotoOfTheDay" */ = {
			isa = XCConfigurationList;
			buildConfigurations = (
				2C5525ED1A9D3AF4004334EC /* Debug */,
				2C5525EE1A9D3AF4004334EC /* Release */,
			);
			defaultConfigurationIsVisible = 0;
			defaultConfigurationName = Release;
		};
		2C5525EF1A9D3AF4004334EC /* Build configuration list for PBXNativeTarget "BingPhotoOfTheDay" */ = {
			isa = XCConfigurationList;
			buildConfigurations = (
				2C5525F01A9D3AF4004334EC /* Debug */,
				2C5525F11A9D3AF4004334EC /* Release */,
			);
			defaultConfigurationIsVisible = 0;
		};
		2C5525F21A9D3AF4004334EC /* Build configuration list for PBXNativeTarget "BingPhotoOfTheDayTests" */ = {
			isa = XCConfigurationList;
			buildConfigurations = (
				2C5525F31A9D3AF4004334EC /* Debug */,
				2C5525F41A9D3AF4004334EC /* Release */,
			);
			defaultConfigurationIsVisible = 0;
		};
/* End XCConfigurationList section */
	};
	rootObject = 2C5525C81A9D3AF3004334EC /* Project object */;
}
