// !$*UTF8*$!
{
	archiveVersion = 1;
	classes = {
	};
	objectVersion = 46;
	objects = {

/* Begin PBXBuildFile section */
		2C64854219B939C7000DECE2 /* AppDelegate.swift in Sources */ = {isa = PBXBuildFile; fileRef = 2C64854119B939C7000DECE2 /* AppDelegate.swift */; };
		2C64854419B939C7000DECE2 /* ViewController.swift in Sources */ = {isa = PBXBuildFile; fileRef = 2C64854319B939C7000DECE2 /* ViewController.swift */; };
		2C64854719B939C7000DECE2 /* Main.storyboard in Resources */ = {isa = PBXBuildFile; fileRef = 2C64854519B939C7000DECE2 /* Main.storyboard */; };
		2C64854919B939C7000DECE2 /* Images.xcassets in Resources */ = {isa = PBXBuildFile; fileRef = 2C64854819B939C7000DECE2 /* Images.xcassets */; };
		2C64855519B939C7000DECE2 /* practiceTests.swift in Sources */ = {isa = PBXBuildFile; fileRef = 2C64855419B939C7000DECE2 /* practiceTests.swift */; };
		2C64855F19B93A95000DECE2 /* hobbes.png in Resources */ = {isa = PBXBuildFile; fileRef = 2C64855E19B93A95000DECE2 /* hobbes.png */; };
		2CFA65A919B969FC00D9F40E /* specialButton.swift in Sources */ = {isa = PBXBuildFile; fileRef = 2CFA65A819B969FC00D9F40E /* specialButton.swift */; };
/* End PBXBuildFile section */

/* Begin PBXContainerItemProxy section */
		2C64854F19B939C7000DECE2 /* PBXContainerItemProxy */ = {
			isa = PBXContainerItemProxy;
			containerPortal = 2C64853419B939C7000DECE2 /* Project object */;
			proxyType = 1;
			remoteGlobalIDString = 2C64853B19B939C7000DECE2;
			remoteInfo = practice;
		};
/* End PBXContainerItemProxy section */

/* Begin PBXFileReference section */
		2C64853C19B939C7000DECE2 /* practice.app */ = {isa = PBXFileReference; explicitFileType = wrapper.application; includeInIndex = 0; path = practice.app; sourceTree = BUILT_PRODUCTS_DIR; };
		2C64854019B939C7000DECE2 /* Info.plist */ = {isa = PBXFileReference; lastKnownFileType = text.plist.xml; path = Info.plist; sourceTree = "<group>"; };
		2C64854119B939C7000DECE2 /* AppDelegate.swift */ = {isa = PBXFileReference; lastKnownFileType = sourcecode.swift; path = AppDelegate.swift; sourceTree = "<group>"; };
		2C64854319B939C7000DECE2 /* ViewController.swift */ = {isa = PBXFileReference; lastKnownFileType = sourcecode.swift; path = ViewController.swift; sourceTree = "<group>"; };
		2C64854619B939C7000DECE2 /* Base */ = {isa = PBXFileReference; lastKnownFileType = file.storyboard; name = Base; path = Base.lproj/Main.storyboard; sourceTree = "<group>"; };
		2C64854819B939C7000DECE2 /* Images.xcassets */ = {isa = PBXFileReference; lastKnownFileType = folder.assetcatalog; path = Images.xcassets; sourceTree = "<group>"; };
		2C64854E19B939C7000DECE2 /* practiceTests.xctest */ = {isa = PBXFileReference; explicitFileType = wrapper.cfbundle; includeInIndex = 0; path = practiceTests.xctest; sourceTree = BUILT_PRODUCTS_DIR; };
		2C64855319B939C7000DECE2 /* Info.plist */ = {isa = PBXFileReference; lastKnownFileType = text.plist.xml; path = Info.plist; sourceTree = "<group>"; };
		2C64855419B939C7000DECE2 /* practiceTests.swift */ = {isa = PBXFileReference; lastKnownFileType = sourcecode.swift; path = practiceTests.swift; sourceTree = "<group>"; };
		2C64855E19B93A95000DECE2 /* hobbes.png */ = {isa = PBXFileReference; lastKnownFileType = image.png; path = hobbes.png; sourceTree = "<group>"; };
		2CFA65A819B969FC00D9F40E /* specialButton.swift */ = {isa = PBXFileReference; fileEncoding = 4; lastKnownFileType = sourcecode.swift; path = specialButton.swift; sourceTree = "<group>"; };
/* End PBXFileReference section */

/* Begin PBXFrameworksBuildPhase section */
		2C64853919B939C7000DECE2 /* Frameworks */ = {
			isa = PBXFrameworksBuildPhase;
			buildActionMask = 2147483647;
			files = (
			);
			runOnlyForDeploymentPostprocessing = 0;
		};
		2C64854B19B939C7000DECE2 /* Frameworks */ = {
			isa = PBXFrameworksBuildPhase;
			buildActionMask = 2147483647;
			files = (
			);
			runOnlyForDeploymentPostprocessing = 0;
		};
/* End PBXFrameworksBuildPhase section */

/* Begin PBXGroup section */
		2C64853319B939C7000DECE2 = {
			isa = PBXGroup;
			children = (
				2C64853E19B939C7000DECE2 /* practice */,
				2C64855119B939C7000DECE2 /* practiceTests */,
				2C64853D19B939C7000DECE2 /* Products */,
			);
			sourceTree = "<group>";
		};
		2C64853D19B939C7000DECE2 /* Products */ = {
			isa = PBXGroup;
			children = (
				2C64853C19B939C7000DECE2 /* practice.app */,
				2C64854E19B939C7000DECE2 /* practiceTests.xctest */,
			);
			name = Products;
			sourceTree = "<group>";
		};
		2C64853E19B939C7000DECE2 /* practice */ = {
			isa = PBXGroup;
			children = (
				2C64855E19B93A95000DECE2 /* hobbes.png */,
				2CFA65A819B969FC00D9F40E /* specialButton.swift */,
				2C64854119B939C7000DECE2 /* AppDelegate.swift */,
				2C64854319B939C7000DECE2 /* ViewController.swift */,
				2C64854519B939C7000DECE2 /* Main.storyboard */,
				2C64854819B939C7000DECE2 /* Images.xcassets */,
				2C64853F19B939C7000DECE2 /* Supporting Files */,
			);
			path = practice;
			sourceTree = "<group>";
		};
		2C64853F19B939C7000DECE2 /* Supporting Files */ = {
			isa = PBXGroup;
			children = (
				2C64854019B939C7000DECE2 /* Info.plist */,
			);
			name = "Supporting Files";
			sourceTree = "<group>";
		};
		2C64855119B939C7000DECE2 /* practiceTests */ = {
			isa = PBXGroup;
			children = (
				2C64855419B939C7000DECE2 /* practiceTests.swift */,
				2C64855219B939C7000DECE2 /* Supporting Files */,
			);
			path = practiceTests;
			sourceTree = "<group>";
		};
		2C64855219B939C7000DECE2 /* Supporting Files */ = {
			isa = PBXGroup;
			children = (
				2C64855319B939C7000DECE2 /* Info.plist */,
			);
			name = "Supporting Files";
			sourceTree = "<group>";
		};
/* End PBXGroup section */

/* Begin PBXNativeTarget section */
		2C64853B19B939C7000DECE2 /* practice */ = {
			isa = PBXNativeTarget;
			buildConfigurationList = 2C64855819B939C7000DECE2 /* Build configuration list for PBXNativeTarget "practice" */;
			buildPhases = (
				2C64853819B939C7000DECE2 /* Sources */,
				2C64853919B939C7000DECE2 /* Frameworks */,
				2C64853A19B939C7000DECE2 /* Resources */,
			);
			buildRules = (
			);
			dependencies = (
			);
			name = practice;
			productName = practice;
			productReference = 2C64853C19B939C7000DECE2 /* practice.app */;
			productType = "com.apple.product-type.application";
		};
		2C64854D19B939C7000DECE2 /* practiceTests */ = {
			isa = PBXNativeTarget;
			buildConfigurationList = 2C64855B19B939C7000DECE2 /* Build configuration list for PBXNativeTarget "practiceTests" */;
			buildPhases = (
				2C64854A19B939C7000DECE2 /* Sources */,
				2C64854B19B939C7000DECE2 /* Frameworks */,
				2C64854C19B939C7000DECE2 /* Resources */,
			);
			buildRules = (
			);
			dependencies = (
				2C64855019B939C7000DECE2 /* PBXTargetDependency */,
			);
			name = practiceTests;
			productName = practiceTests;
			productReference = 2C64854E19B939C7000DECE2 /* practiceTests.xctest */;
			productType = "com.apple.product-type.bundle.unit-test";
		};
/* End PBXNativeTarget section */

/* Begin PBXProject section */
		2C64853419B939C7000DECE2 /* Project object */ = {
			isa = PBXProject;
			attributes = {
				LastUpgradeCheck = 0600;
				ORGANIZATIONNAME = "Parker Lewis";
				TargetAttributes = {
					2C64853B19B939C7000DECE2 = {
						CreatedOnToolsVersion = 6.0;
					};
					2C64854D19B939C7000DECE2 = {
						CreatedOnToolsVersion = 6.0;
						TestTargetID = 2C64853B19B939C7000DECE2;
					};
				};
			};
			buildConfigurationList = 2C64853719B939C7000DECE2 /* Build configuration list for PBXProject "practice" */;
			compatibilityVersion = "Xcode 3.2";
			developmentRegion = English;
			hasScannedForEncodings = 0;
			knownRegions = (
				en,
				Base,
			);
			mainGroup = 2C64853319B939C7000DECE2;
			productRefGroup = 2C64853D19B939C7000DECE2 /* Products */;
			projectDirPath = "";
			projectRoot = "";
			targets = (
				2C64853B19B939C7000DECE2 /* practice */,
				2C64854D19B939C7000DECE2 /* practiceTests */,
			);
		};
/* End PBXProject section */

/* Begin PBXResourcesBuildPhase section */
		2C64853A19B939C7000DECE2 /* Resources */ = {
			isa = PBXResourcesBuildPhase;
			buildActionMask = 2147483647;
			files = (
				2C64855F19B93A95000DECE2 /* hobbes.png in Resources */,
				2C64854719B939C7000DECE2 /* Main.storyboard in Resources */,
				2C64854919B939C7000DECE2 /* Images.xcassets in Resources */,
			);
			runOnlyForDeploymentPostprocessing = 0;
		};
		2C64854C19B939C7000DECE2 /* Resources */ = {
			isa = PBXResourcesBuildPhase;
			buildActionMask = 2147483647;
			files = (
			);
			runOnlyForDeploymentPostprocessing = 0;
		};
/* End PBXResourcesBuildPhase section */

/* Begin PBXSourcesBuildPhase section */
		2C64853819B939C7000DECE2 /* Sources */ = {
			isa = PBXSourcesBuildPhase;
			buildActionMask = 2147483647;
			files = (
				2C64854419B939C7000DECE2 /* ViewController.swift in Sources */,
				2C64854219B939C7000DECE2 /* AppDelegate.swift in Sources */,
				2CFA65A919B969FC00D9F40E /* specialButton.swift in Sources */,
			);
			runOnlyForDeploymentPostprocessing = 0;
		};
		2C64854A19B939C7000DECE2 /* Sources */ = {
			isa = PBXSourcesBuildPhase;
			buildActionMask = 2147483647;
			files = (
				2C64855519B939C7000DECE2 /* practiceTests.swift in Sources */,
			);
			runOnlyForDeploymentPostprocessing = 0;
		};
/* End PBXSourcesBuildPhase section */

/* Begin PBXTargetDependency section */
		2C64855019B939C7000DECE2 /* PBXTargetDependency */ = {
			isa = PBXTargetDependency;
			target = 2C64853B19B939C7000DECE2 /* practice */;
			targetProxy = 2C64854F19B939C7000DECE2 /* PBXContainerItemProxy */;
		};
/* End PBXTargetDependency section */

/* Begin PBXVariantGroup section */
		2C64854519B939C7000DECE2 /* Main.storyboard */ = {
			isa = PBXVariantGroup;
			children = (
				2C64854619B939C7000DECE2 /* Base */,
			);
			name = Main.storyboard;
			sourceTree = "<group>";
		};
/* End PBXVariantGroup section */

/* Begin XCBuildConfiguration section */
		2C64855619B939C7000DECE2 /* Debug */ = {
			isa = XCBuildConfiguration;
			buildSettings = {
				ALWAYS_SEARCH_USER_PATHS = NO;
				CLANG_CXX_LANGUAGE_STANDARD = "gnu++0x";
				CLANG_CXX_LIBRARY = "libc++";
				CLANG_ENABLE_MODULES = YES;
				CLANG_ENABLE_OBJC_ARC = YES;
				CLANG_WARN_BOOL_CONVERSION = YES;
				CLANG_WARN_CONSTANT_CONVERSION = YES;
				CLANG_WARN_DIRECT_OBJC_ISA_USAGE = YES_ERROR;
				CLANG_WARN_EMPTY_BODY = YES;
				CLANG_WARN_ENUM_CONVERSION = YES;
				CLANG_WARN_INT_CONVERSION = YES;
				CLANG_WARN_OBJC_ROOT_CLASS = YES_ERROR;
				CLANG_WARN_UNREACHABLE_CODE = YES;
				CLANG_WARN__DUPLICATE_METHOD_MATCH = YES;
				"CODE_SIGN_IDENTITY[sdk=iphoneos*]" = "iPhone Developer";
				COPY_PHASE_STRIP = NO;
				ENABLE_STRICT_OBJC_MSGSEND = YES;
				GCC_C_LANGUAGE_STANDARD = gnu99;
				GCC_DYNAMIC_NO_PIC = NO;
				GCC_OPTIMIZATION_LEVEL = 0;
				GCC_PREPROCESSOR_DEFINITIONS = (
					"DEBUG=1",
					"$(inherited)",
				);
				GCC_SYMBOLS_PRIVATE_EXTERN = NO;
				GCC_WARN_64_TO_32_BIT_CONVERSION = YES;
				GCC_WARN_ABOUT_RETURN_TYPE = YES_ERROR;
				GCC_WARN_UNDECLARED_SELECTOR = YES;
				GCC_WARN_UNINITIALIZED_AUTOS = YES_AGGRESSIVE;
				GCC_WARN_UNUSED_FUNCTION = YES;
				GCC_WARN_UNUSED_VARIABLE = YES;
				IPHONEOS_DEPLOYMENT_TARGET = 8.0;
				MTL_ENABLE_DEBUG_INFO = YES;
				ONLY_ACTIVE_ARCH = YES;
				SDKROOT = iphoneos;
				SWIFT_OPTIMIZATION_LEVEL = "-Onone";
				TARGETED_DEVICE_FAMILY = "1,2";
			};
			name = Debug;
		};
		2C64855719B939C7000DECE2 /* Release */ = {
			isa = XCBuildConfiguration;
			buildSettings = {
				ALWAYS_SEARCH_USER_PATHS = NO;
				CLANG_CXX_LANGUAGE_STANDARD = "gnu++0x";
				CLANG_CXX_LIBRARY = "libc++";
				CLANG_ENABLE_MODULES = YES;
				CLANG_ENABLE_OBJC_ARC = YES;
				CLANG_WARN_BOOL_CONVERSION = YES;
				CLANG_WARN_CONSTANT_CONVERSION = YES;
				CLANG_WARN_DIRECT_OBJC_ISA_USAGE = YES_ERROR;
				CLANG_WARN_EMPTY_BODY = YES;
				CLANG_WARN_ENUM_CONVERSION = YES;
				CLANG_WARN_INT_CONVERSION = YES;
				CLANG_WARN_OBJC_ROOT_CLASS = YES_ERROR;
				CLANG_WARN_UNREACHABLE_CODE = YES;
				CLANG_WARN__DUPLICATE_METHOD_MATCH = YES;
				"CODE_SIGN_IDENTITY[sdk=iphoneos*]" = "iPhone Developer";
				COPY_PHASE_STRIP = YES;
				ENABLE_NS_ASSERTIONS = NO;
				ENABLE_STRICT_OBJC_MSGSEND = YES;
				GCC_C_LANGUAGE_STANDARD = gnu99;
				GCC_WARN_64_TO_32_BIT_CONVERSION = YES;
				GCC_WARN_ABOUT_RETURN_TYPE = YES_ERROR;
				GCC_WARN_UNDECLARED_SELECTOR = YES;
				GCC_WARN_UNINITIALIZED_AUTOS = YES_AGGRESSIVE;
				GCC_WARN_UNUSED_FUNCTION = YES;
				GCC_WARN_UNUSED_VARIABLE = YES;
				IPHONEOS_DEPLOYMENT_TARGET = 8.0;
				MTL_ENABLE_DEBUG_INFO = NO;
				SDKROOT = iphoneos;
				TARGETED_DEVICE_FAMILY = "1,2";
				VALIDATE_PRODUCT = YES;
			};
			name = Release;
		};
		2C64855919B939C7000DECE2 /* Debug */ = {
			isa = XCBuildConfiguration;
			buildSettings = {
				ASSETCATALOG_COMPILER_APPICON_NAME = AppIcon;
				ASSETCATALOG_COMPILER_LAUNCHIMAGE_NAME = LaunchImage;
				INFOPLIST_FILE = practice/Info.plist;
				LD_RUNPATH_SEARCH_PATHS = "$(inherited) @executable_path/Frameworks";
				PRODUCT_NAME = "$(TARGET_NAME)";
			};
			name = Debug;
		};
		2C64855A19B939C7000DECE2 /* Release */ = {
			isa = XCBuildConfiguration;
			buildSettings = {
				ASSETCATALOG_COMPILER_APPICON_NAME = AppIcon;
				ASSETCATALOG_COMPILER_LAUNCHIMAGE_NAME = LaunchImage;
				INFOPLIST_FILE = practice/Info.plist;
				LD_RUNPATH_SEARCH_PATHS = "$(inherited) @executable_path/Frameworks";
				PRODUCT_NAME = "$(TARGET_NAME)";
			};
			name = Release;
		};
		2C64855C19B939C7000DECE2 /* Debug */ = {
			isa = XCBuildConfiguration;
			buildSettings = {
				BUNDLE_LOADER = "$(TEST_HOST)";
				FRAMEWORK_SEARCH_PATHS = (
					"$(SDKROOT)/Developer/Library/Frameworks",
					"$(inherited)",
				);
				GCC_PREPROCESSOR_DEFINITIONS = (
					"DEBUG=1",
					"$(inherited)",
				);
				INFOPLIST_FILE = practiceTests/Info.plist;
				LD_RUNPATH_SEARCH_PATHS = "$(inherited) @executable_path/Frameworks @loader_path/Frameworks";
				PRODUCT_NAME = "$(TARGET_NAME)";
				TEST_HOST = "$(BUILT_PRODUCTS_DIR)/practice.app/practice";
			};
			name = Debug;
		};
		2C64855D19B939C7000DECE2 /* Release */ = {
			isa = XCBuildConfiguration;
			buildSettings = {
				BUNDLE_LOADER = "$(TEST_HOST)";
				FRAMEWORK_SEARCH_PATHS = (
					"$(SDKROOT)/Developer/Library/Frameworks",
					"$(inherited)",
				);
				INFOPLIST_FILE = practiceTests/Info.plist;
				LD_RUNPATH_SEARCH_PATHS = "$(inherited) @executable_path/Frameworks @loader_path/Frameworks";
				PRODUCT_NAME = "$(TARGET_NAME)";
				TEST_HOST = "$(BUILT_PRODUCTS_DIR)/practice.app/practice";
			};
			name = Release;
		};
/* End XCBuildConfiguration section */

/* Begin XCConfigurationList section */
		2C64853719B939C7000DECE2 /* Build configuration list for PBXProject "practice" */ = {
			isa = XCConfigurationList;
			buildConfigurations = (
				2C64855619B939C7000DECE2 /* Debug */,
				2C64855719B939C7000DECE2 /* Release */,
			);
			defaultConfigurationIsVisible = 0;
			defaultConfigurationName = Release;
		};
		2C64855819B939C7000DECE2 /* Build configuration list for PBXNativeTarget "practice" */ = {
			isa = XCConfigurationList;
			buildConfigurations = (
				2C64855919B939C7000DECE2 /* Debug */,
				2C64855A19B939C7000DECE2 /* Release */,
			);
			defaultConfigurationIsVisible = 0;
			defaultConfigurationName = Release;
		};
		2C64855B19B939C7000DECE2 /* Build configuration list for PBXNativeTarget "practiceTests" */ = {
			isa = XCConfigurationList;
			buildConfigurations = (
				2C64855C19B939C7000DECE2 /* Debug */,
				2C64855D19B939C7000DECE2 /* Release */,
			);
			defaultConfigurationIsVisible = 0;
			defaultConfigurationName = Release;
		};
/* End XCConfigurationList section */
	};
	rootObject = 2C64853419B939C7000DECE2 /* Project object */;
}
