// !$*UTF8*$!
{
	archiveVersion = 1;
	classes = {
	};
	objectVersion = 46;
	objects = {

/* Begin PBXBuildFile section */
		A2C8DC5C19E6FEFE00FE0CF7 /* AppDelegate.swift in Sources */ = {isa = PBXBuildFile; fileRef = A2C8DC5B19E6FEFE00FE0CF7 /* AppDelegate.swift */; };
		A2C8DC5F19E6FEFE00FE0CF7 /* PushPopnLock.xcdatamodeld in Sources */ = {isa = PBXBuildFile; fileRef = A2C8DC5D19E6FEFE00FE0CF7 /* PushPopnLock.xcdatamodeld */; };
		A2C8DC6119E6FEFE00FE0CF7 /* ViewController.swift in Sources */ = {isa = PBXBuildFile; fileRef = A2C8DC6019E6FEFE00FE0CF7 /* ViewController.swift */; };
		A2C8DC6419E6FEFE00FE0CF7 /* Main.storyboard in Resources */ = {isa = PBXBuildFile; fileRef = A2C8DC6219E6FEFE00FE0CF7 /* Main.storyboard */; };
		A2C8DC6619E6FEFE00FE0CF7 /* Images.xcassets in Resources */ = {isa = PBXBuildFile; fileRef = A2C8DC6519E6FEFE00FE0CF7 /* Images.xcassets */; };
		A2C8DC6919E6FEFE00FE0CF7 /* LaunchScreen.xib in Resources */ = {isa = PBXBuildFile; fileRef = A2C8DC6719E6FEFE00FE0CF7 /* LaunchScreen.xib */; };
		A2C8DC7519E6FEFE00FE0CF7 /* PushPopnLockTests.swift in Sources */ = {isa = PBXBuildFile; fileRef = A2C8DC7419E6FEFE00FE0CF7 /* PushPopnLockTests.swift */; };
/* End PBXBuildFile section */

/* Begin PBXContainerItemProxy section */
		A2C8DC6F19E6FEFE00FE0CF7 /* PBXContainerItemProxy */ = {
			isa = PBXContainerItemProxy;
			containerPortal = A2C8DC4E19E6FEFE00FE0CF7 /* Project object */;
			proxyType = 1;
			remoteGlobalIDString = A2C8DC5519E6FEFE00FE0CF7;
			remoteInfo = PushPopnLock;
		};
/* End PBXContainerItemProxy section */

/* Begin PBXFileReference section */
		A2C8DC5619E6FEFE00FE0CF7 /* PushPopnLock.app */ = {isa = PBXFileReference; explicitFileType = wrapper.application; includeInIndex = 0; path = PushPopnLock.app; sourceTree = BUILT_PRODUCTS_DIR; };
		A2C8DC5A19E6FEFE00FE0CF7 /* Info.plist */ = {isa = PBXFileReference; lastKnownFileType = text.plist.xml; path = Info.plist; sourceTree = "<group>"; };
		A2C8DC5B19E6FEFE00FE0CF7 /* AppDelegate.swift */ = {isa = PBXFileReference; lastKnownFileType = sourcecode.swift; path = AppDelegate.swift; sourceTree = "<group>"; };
		A2C8DC5E19E6FEFE00FE0CF7 /* PushPopnLock.xcdatamodel */ = {isa = PBXFileReference; lastKnownFileType = wrapper.xcdatamodel; path = PushPopnLock.xcdatamodel; sourceTree = "<group>"; };
		A2C8DC6019E6FEFE00FE0CF7 /* ViewController.swift */ = {isa = PBXFileReference; lastKnownFileType = sourcecode.swift; path = ViewController.swift; sourceTree = "<group>"; };
		A2C8DC6319E6FEFE00FE0CF7 /* Base */ = {isa = PBXFileReference; lastKnownFileType = file.storyboard; name = Base; path = Base.lproj/Main.storyboard; sourceTree = "<group>"; };
		A2C8DC6519E6FEFE00FE0CF7 /* Images.xcassets */ = {isa = PBXFileReference; lastKnownFileType = folder.assetcatalog; path = Images.xcassets; sourceTree = "<group>"; };
		A2C8DC6819E6FEFE00FE0CF7 /* Base */ = {isa = PBXFileReference; lastKnownFileType = file.xib; name = Base; path = Base.lproj/LaunchScreen.xib; sourceTree = "<group>"; };
		A2C8DC6E19E6FEFE00FE0CF7 /* PushPopnLockTests.xctest */ = {isa = PBXFileReference; explicitFileType = wrapper.cfbundle; includeInIndex = 0; path = PushPopnLockTests.xctest; sourceTree = BUILT_PRODUCTS_DIR; };
		A2C8DC7319E6FEFE00FE0CF7 /* Info.plist */ = {isa = PBXFileReference; lastKnownFileType = text.plist.xml; path = Info.plist; sourceTree = "<group>"; };
		A2C8DC7419E6FEFE00FE0CF7 /* PushPopnLockTests.swift */ = {isa = PBXFileReference; lastKnownFileType = sourcecode.swift; path = PushPopnLockTests.swift; sourceTree = "<group>"; };
/* End PBXFileReference section */

/* Begin PBXFrameworksBuildPhase section */
		A2C8DC5319E6FEFE00FE0CF7 /* Frameworks */ = {
			isa = PBXFrameworksBuildPhase;
			buildActionMask = 2147483647;
			files = (
			);
			runOnlyForDeploymentPostprocessing = 0;
		};
		A2C8DC6B19E6FEFE00FE0CF7 /* Frameworks */ = {
			isa = PBXFrameworksBuildPhase;
			buildActionMask = 2147483647;
			files = (
			);
			runOnlyForDeploymentPostprocessing = 0;
		};
/* End PBXFrameworksBuildPhase section */

/* Begin PBXGroup section */
		A2C8DC4D19E6FEFE00FE0CF7 = {
			isa = PBXGroup;
			children = (
				A2C8DC5819E6FEFE00FE0CF7 /* PushPopnLock */,
				A2C8DC7119E6FEFE00FE0CF7 /* PushPopnLockTests */,
				A2C8DC5719E6FEFE00FE0CF7 /* Products */,
			);
			sourceTree = "<group>";
		};
		A2C8DC5719E6FEFE00FE0CF7 /* Products */ = {
			isa = PBXGroup;
			children = (
				A2C8DC5619E6FEFE00FE0CF7 /* PushPopnLock.app */,
				A2C8DC6E19E6FEFE00FE0CF7 /* PushPopnLockTests.xctest */,
			);
			name = Products;
			sourceTree = "<group>";
		};
		A2C8DC5819E6FEFE00FE0CF7 /* PushPopnLock */ = {
			isa = PBXGroup;
			children = (
				A2C8DC5B19E6FEFE00FE0CF7 /* AppDelegate.swift */,
				A2C8DC6019E6FEFE00FE0CF7 /* ViewController.swift */,
				A2C8DC6219E6FEFE00FE0CF7 /* Main.storyboard */,
				A2C8DC6519E6FEFE00FE0CF7 /* Images.xcassets */,
				A2C8DC6719E6FEFE00FE0CF7 /* LaunchScreen.xib */,
				A2C8DC5D19E6FEFE00FE0CF7 /* PushPopnLock.xcdatamodeld */,
				A2C8DC5919E6FEFE00FE0CF7 /* Supporting Files */,
			);
			path = PushPopnLock;
			sourceTree = "<group>";
		};
		A2C8DC5919E6FEFE00FE0CF7 /* Supporting Files */ = {
			isa = PBXGroup;
			children = (
				A2C8DC5A19E6FEFE00FE0CF7 /* Info.plist */,
			);
			name = "Supporting Files";
			sourceTree = "<group>";
		};
		A2C8DC7119E6FEFE00FE0CF7 /* PushPopnLockTests */ = {
			isa = PBXGroup;
			children = (
				A2C8DC7419E6FEFE00FE0CF7 /* PushPopnLockTests.swift */,
				A2C8DC7219E6FEFE00FE0CF7 /* Supporting Files */,
			);
			path = PushPopnLockTests;
			sourceTree = "<group>";
		};
		A2C8DC7219E6FEFE00FE0CF7 /* Supporting Files */ = {
			isa = PBXGroup;
			children = (
				A2C8DC7319E6FEFE00FE0CF7 /* Info.plist */,
			);
			name = "Supporting Files";
			sourceTree = "<group>";
		};
/* End PBXGroup section */

/* Begin PBXNativeTarget section */
		A2C8DC5519E6FEFE00FE0CF7 /* PushPopnLock */ = {
			isa = PBXNativeTarget;
			buildConfigurationList = A2C8DC7819E6FEFE00FE0CF7 /* Build configuration list for PBXNativeTarget "PushPopnLock" */;
			buildPhases = (
				A2C8DC5219E6FEFE00FE0CF7 /* Sources */,
				A2C8DC5319E6FEFE00FE0CF7 /* Frameworks */,
				A2C8DC5419E6FEFE00FE0CF7 /* Resources */,
			);
			buildRules = (
			);
			dependencies = (
			);
			name = PushPopnLock;
			productName = PushPopnLock;
			productReference = A2C8DC5619E6FEFE00FE0CF7 /* PushPopnLock.app */;
			productType = "com.apple.product-type.application";
		};
		A2C8DC6D19E6FEFE00FE0CF7 /* PushPopnLockTests */ = {
			isa = PBXNativeTarget;
			buildConfigurationList = A2C8DC7B19E6FEFE00FE0CF7 /* Build configuration list for PBXNativeTarget "PushPopnLockTests" */;
			buildPhases = (
				A2C8DC6A19E6FEFE00FE0CF7 /* Sources */,
				A2C8DC6B19E6FEFE00FE0CF7 /* Frameworks */,
				A2C8DC6C19E6FEFE00FE0CF7 /* Resources */,
			);
			buildRules = (
			);
			dependencies = (
				A2C8DC7019E6FEFE00FE0CF7 /* PBXTargetDependency */,
			);
			name = PushPopnLockTests;
			productName = PushPopnLockTests;
			productReference = A2C8DC6E19E6FEFE00FE0CF7 /* PushPopnLockTests.xctest */;
			productType = "com.apple.product-type.bundle.unit-test";
		};
/* End PBXNativeTarget section */

/* Begin PBXProject section */
		A2C8DC4E19E6FEFE00FE0CF7 /* Project object */ = {
			isa = PBXProject;
			attributes = {
				LastUpgradeCheck = 0600;
				ORGANIZATIONNAME = "Code Fellows";
				TargetAttributes = {
					A2C8DC5519E6FEFE00FE0CF7 = {
						CreatedOnToolsVersion = 6.0;
					};
					A2C8DC6D19E6FEFE00FE0CF7 = {
						CreatedOnToolsVersion = 6.0;
						TestTargetID = A2C8DC5519E6FEFE00FE0CF7;
					};
				};
			};
			buildConfigurationList = A2C8DC5119E6FEFE00FE0CF7 /* Build configuration list for PBXProject "PushPopnLock" */;
			compatibilityVersion = "Xcode 3.2";
			developmentRegion = English;
			hasScannedForEncodings = 0;
			knownRegions = (
				en,
				Base,
			);
			mainGroup = A2C8DC4D19E6FEFE00FE0CF7;
			productRefGroup = A2C8DC5719E6FEFE00FE0CF7 /* Products */;
			projectDirPath = "";
			projectRoot = "";
			targets = (
				A2C8DC5519E6FEFE00FE0CF7 /* PushPopnLock */,
				A2C8DC6D19E6FEFE00FE0CF7 /* PushPopnLockTests */,
			);
		};
/* End PBXProject section */

/* Begin PBXResourcesBuildPhase section */
		A2C8DC5419E6FEFE00FE0CF7 /* Resources */ = {
			isa = PBXResourcesBuildPhase;
			buildActionMask = 2147483647;
			files = (
				A2C8DC6419E6FEFE00FE0CF7 /* Main.storyboard in Resources */,
				A2C8DC6919E6FEFE00FE0CF7 /* LaunchScreen.xib in Resources */,
				A2C8DC6619E6FEFE00FE0CF7 /* Images.xcassets in Resources */,
			);
			runOnlyForDeploymentPostprocessing = 0;
		};
		A2C8DC6C19E6FEFE00FE0CF7 /* Resources */ = {
			isa = PBXResourcesBuildPhase;
			buildActionMask = 2147483647;
			files = (
			);
			runOnlyForDeploymentPostprocessing = 0;
		};
/* End PBXResourcesBuildPhase section */

/* Begin PBXSourcesBuildPhase section */
		A2C8DC5219E6FEFE00FE0CF7 /* Sources */ = {
			isa = PBXSourcesBuildPhase;
			buildActionMask = 2147483647;
			files = (
				A2C8DC6119E6FEFE00FE0CF7 /* ViewController.swift in Sources */,
				A2C8DC5C19E6FEFE00FE0CF7 /* AppDelegate.swift in Sources */,
				A2C8DC5F19E6FEFE00FE0CF7 /* PushPopnLock.xcdatamodeld in Sources */,
			);
			runOnlyForDeploymentPostprocessing = 0;
		};
		A2C8DC6A19E6FEFE00FE0CF7 /* Sources */ = {
			isa = PBXSourcesBuildPhase;
			buildActionMask = 2147483647;
			files = (
				A2C8DC7519E6FEFE00FE0CF7 /* PushPopnLockTests.swift in Sources */,
			);
			runOnlyForDeploymentPostprocessing = 0;
		};
/* End PBXSourcesBuildPhase section */

/* Begin PBXTargetDependency section */
		A2C8DC7019E6FEFE00FE0CF7 /* PBXTargetDependency */ = {
			isa = PBXTargetDependency;
			target = A2C8DC5519E6FEFE00FE0CF7 /* PushPopnLock */;
			targetProxy = A2C8DC6F19E6FEFE00FE0CF7 /* PBXContainerItemProxy */;
		};
/* End PBXTargetDependency section */

/* Begin PBXVariantGroup section */
		A2C8DC6219E6FEFE00FE0CF7 /* Main.storyboard */ = {
			isa = PBXVariantGroup;
			children = (
				A2C8DC6319E6FEFE00FE0CF7 /* Base */,
			);
			name = Main.storyboard;
			sourceTree = "<group>";
		};
		A2C8DC6719E6FEFE00FE0CF7 /* LaunchScreen.xib */ = {
			isa = PBXVariantGroup;
			children = (
				A2C8DC6819E6FEFE00FE0CF7 /* Base */,
			);
			name = LaunchScreen.xib;
			sourceTree = "<group>";
		};
/* End PBXVariantGroup section */

/* Begin XCBuildConfiguration section */
		A2C8DC7619E6FEFE00FE0CF7 /* Debug */ = {
			isa = XCBuildConfiguration;
			buildSettings = {
				ALWAYS_SEARCH_USER_PATHS = NO;
				CLANG_CXX_LANGUAGE_STANDARD = "gnu++0x";
				CLANG_CXX_LIBRARY = "libc++";
				CLANG_ENABLE_MODULES = YES;
				CLANG_ENABLE_OBJC_ARC = YES;
				CLANG_WARN_BOOL_CONVERSION = YES;
				CLANG_WARN_CONSTANT_CONVERSION = YES;
				CLANG_WARN_DIRECT_OBJC_ISA_USAGE = YES_ERROR;
				CLANG_WARN_EMPTY_BODY = YES;
				CLANG_WARN_ENUM_CONVERSION = YES;
				CLANG_WARN_INT_CONVERSION = YES;
				CLANG_WARN_OBJC_ROOT_CLASS = YES_ERROR;
				CLANG_WARN_UNREACHABLE_CODE = YES;
				CLANG_WARN__DUPLICATE_METHOD_MATCH = YES;
				"CODE_SIGN_IDENTITY[sdk=iphoneos*]" = "iPhone Developer";
				COPY_PHASE_STRIP = NO;
				ENABLE_STRICT_OBJC_MSGSEND = YES;
				GCC_C_LANGUAGE_STANDARD = gnu99;
				GCC_DYNAMIC_NO_PIC = NO;
				GCC_OPTIMIZATION_LEVEL = 0;
				GCC_PREPROCESSOR_DEFINITIONS = (
					"DEBUG=1",
					"$(inherited)",
				);
				GCC_SYMBOLS_PRIVATE_EXTERN = NO;
				GCC_WARN_64_TO_32_BIT_CONVERSION = YES;
				GCC_WARN_ABOUT_RETURN_TYPE = YES_ERROR;
				GCC_WARN_UNDECLARED_SELECTOR = YES;
				GCC_WARN_UNINITIALIZED_AUTOS = YES_AGGRESSIVE;
				GCC_WARN_UNUSED_FUNCTION = YES;
				GCC_WARN_UNUSED_VARIABLE = YES;
				IPHONEOS_DEPLOYMENT_TARGET = 8.0;
				MTL_ENABLE_DEBUG_INFO = YES;
				ONLY_ACTIVE_ARCH = YES;
				SDKROOT = iphoneos;
				SWIFT_OPTIMIZATION_LEVEL = "-Onone";
				TARGETED_DEVICE_FAMILY = "1,2";
			};
			name = Debug;
		};
		A2C8DC7719E6FEFE00FE0CF7 /* Release */ = {
			isa = XCBuildConfiguration;
			buildSettings = {
				ALWAYS_SEARCH_USER_PATHS = NO;
				CLANG_CXX_LANGUAGE_STANDARD = "gnu++0x";
				CLANG_CXX_LIBRARY = "libc++";
				CLANG_ENABLE_MODULES = YES;
				CLANG_ENABLE_OBJC_ARC = YES;
				CLANG_WARN_BOOL_CONVERSION = YES;
				CLANG_WARN_CONSTANT_CONVERSION = YES;
				CLANG_WARN_DIRECT_OBJC_ISA_USAGE = YES_ERROR;
				CLANG_WARN_EMPTY_BODY = YES;
				CLANG_WARN_ENUM_CONVERSION = YES;
				CLANG_WARN_INT_CONVERSION = YES;
				CLANG_WARN_OBJC_ROOT_CLASS = YES_ERROR;
				CLANG_WARN_UNREACHABLE_CODE = YES;
				CLANG_WARN__DUPLICATE_METHOD_MATCH = YES;
				"CODE_SIGN_IDENTITY[sdk=iphoneos*]" = "iPhone Developer";
				COPY_PHASE_STRIP = YES;
				ENABLE_NS_ASSERTIONS = NO;
				ENABLE_STRICT_OBJC_MSGSEND = YES;
				GCC_C_LANGUAGE_STANDARD = gnu99;
				GCC_WARN_64_TO_32_BIT_CONVERSION = YES;
				GCC_WARN_ABOUT_RETURN_TYPE = YES_ERROR;
				GCC_WARN_UNDECLARED_SELECTOR = YES;
				GCC_WARN_UNINITIALIZED_AUTOS = YES_AGGRESSIVE;
				GCC_WARN_UNUSED_FUNCTION = YES;
				GCC_WARN_UNUSED_VARIABLE = YES;
				IPHONEOS_DEPLOYMENT_TARGET = 8.0;
				MTL_ENABLE_DEBUG_INFO = NO;
				SDKROOT = iphoneos;
				TARGETED_DEVICE_FAMILY = "1,2";
				VALIDATE_PRODUCT = YES;
			};
			name = Release;
		};
		A2C8DC7919E6FEFE00FE0CF7 /* Debug */ = {
			isa = XCBuildConfiguration;
			buildSettings = {
				ASSETCATALOG_COMPILER_APPICON_NAME = AppIcon;
				INFOPLIST_FILE = PushPopnLock/Info.plist;
				LD_RUNPATH_SEARCH_PATHS = "$(inherited) @executable_path/Frameworks";
				PRODUCT_NAME = "$(TARGET_NAME)";
			};
			name = Debug;
		};
		A2C8DC7A19E6FEFE00FE0CF7 /* Release */ = {
			isa = XCBuildConfiguration;
			buildSettings = {
				ASSETCATALOG_COMPILER_APPICON_NAME = AppIcon;
				INFOPLIST_FILE = PushPopnLock/Info.plist;
				LD_RUNPATH_SEARCH_PATHS = "$(inherited) @executable_path/Frameworks";
				PRODUCT_NAME = "$(TARGET_NAME)";
			};
			name = Release;
		};
		A2C8DC7C19E6FEFE00FE0CF7 /* Debug */ = {
			isa = XCBuildConfiguration;
			buildSettings = {
				BUNDLE_LOADER = "$(TEST_HOST)";
				FRAMEWORK_SEARCH_PATHS = (
					"$(SDKROOT)/Developer/Library/Frameworks",
					"$(inherited)",
				);
				GCC_PREPROCESSOR_DEFINITIONS = (
					"DEBUG=1",
					"$(inherited)",
				);
				INFOPLIST_FILE = PushPopnLockTests/Info.plist;
				LD_RUNPATH_SEARCH_PATHS = "$(inherited) @executable_path/Frameworks @loader_path/Frameworks";
				PRODUCT_NAME = "$(TARGET_NAME)";
				TEST_HOST = "$(BUILT_PRODUCTS_DIR)/PushPopnLock.app/PushPopnLock";
			};
			name = Debug;
		};
		A2C8DC7D19E6FEFE00FE0CF7 /* Release */ = {
			isa = XCBuildConfiguration;
			buildSettings = {
				BUNDLE_LOADER = "$(TEST_HOST)";
				FRAMEWORK_SEARCH_PATHS = (
					"$(SDKROOT)/Developer/Library/Frameworks",
					"$(inherited)",
				);
				INFOPLIST_FILE = PushPopnLockTests/Info.plist;
				LD_RUNPATH_SEARCH_PATHS = "$(inherited) @executable_path/Frameworks @loader_path/Frameworks";
				PRODUCT_NAME = "$(TARGET_NAME)";
				TEST_HOST = "$(BUILT_PRODUCTS_DIR)/PushPopnLock.app/PushPopnLock";
			};
			name = Release;
		};
/* End XCBuildConfiguration section */

/* Begin XCConfigurationList section */
		A2C8DC5119E6FEFE00FE0CF7 /* Build configuration list for PBXProject "PushPopnLock" */ = {
			isa = XCConfigurationList;
			buildConfigurations = (
				A2C8DC7619E6FEFE00FE0CF7 /* Debug */,
				A2C8DC7719E6FEFE00FE0CF7 /* Release */,
			);
			defaultConfigurationIsVisible = 0;
			defaultConfigurationName = Release;
		};
		A2C8DC7819E6FEFE00FE0CF7 /* Build configuration list for PBXNativeTarget "PushPopnLock" */ = {
			isa = XCConfigurationList;
			buildConfigurations = (
				A2C8DC7919E6FEFE00FE0CF7 /* Debug */,
				A2C8DC7A19E6FEFE00FE0CF7 /* Release */,
			);
			defaultConfigurationIsVisible = 0;
		};
		A2C8DC7B19E6FEFE00FE0CF7 /* Build configuration list for PBXNativeTarget "PushPopnLockTests" */ = {
			isa = XCConfigurationList;
			buildConfigurations = (
				A2C8DC7C19E6FEFE00FE0CF7 /* Debug */,
				A2C8DC7D19E6FEFE00FE0CF7 /* Release */,
			);
			defaultConfigurationIsVisible = 0;
		};
/* End XCConfigurationList section */

/* Begin XCVersionGroup section */
		A2C8DC5D19E6FEFE00FE0CF7 /* PushPopnLock.xcdatamodeld */ = {
			isa = XCVersionGroup;
			children = (
				A2C8DC5E19E6FEFE00FE0CF7 /* PushPopnLock.xcdatamodel */,
			);
			currentVersion = A2C8DC5E19E6FEFE00FE0CF7 /* PushPopnLock.xcdatamodel */;
			path = PushPopnLock.xcdatamodeld;
			sourceTree = "<group>";
			versionGroupType = wrapper.xcdatamodel;
		};
/* End XCVersionGroup section */
	};
	rootObject = A2C8DC4E19E6FEFE00FE0CF7 /* Project object */;
}
