// !$*UTF8*$!
{
	archiveVersion = 1;
	classes = {
	};
	objectVersion = 46;
	objects = {

/* Begin PBXBuildFile section */
		2C005D711A24535900B0C343 /* BurgerVC.m in Sources */ = {isa = PBXBuildFile; fileRef = 2C005D701A24535900B0C343 /* BurgerVC.m */; };
		2C005D731A24649000B0C343 /* burger.png in Resources */ = {isa = PBXBuildFile; fileRef = 2C005D721A24649000B0C343 /* burger.png */; };
		2C005D751A246B8200B0C343 /* sides.png in Resources */ = {isa = PBXBuildFile; fileRef = 2C005D741A246B8200B0C343 /* sides.png */; };
		2C005D771A246CDC00B0C343 /* toppings.png in Resources */ = {isa = PBXBuildFile; fileRef = 2C005D761A246CDC00B0C343 /* toppings.png */; };
		2C005DBF1A25350000B0C343 /* MenuVC.xib in Resources */ = {isa = PBXBuildFile; fileRef = 2C005DBE1A25350000B0C343 /* MenuVC.xib */; };
		2C005DC11A25360A00B0C343 /* ToppingsVC.xib in Resources */ = {isa = PBXBuildFile; fileRef = 2C005DC01A25360A00B0C343 /* ToppingsVC.xib */; };
		2C005DC31A25361300B0C343 /* SidesVC.xib in Resources */ = {isa = PBXBuildFile; fileRef = 2C005DC21A25361300B0C343 /* SidesVC.xib */; };
		2C005DC61A25454500B0C343 /* DrawView.m in Sources */ = {isa = PBXBuildFile; fileRef = 2C005DC51A25454500B0C343 /* DrawView.m */; };
		2CD316311A23CFBA0066AA67 /* main.m in Sources */ = {isa = PBXBuildFile; fileRef = 2CD316301A23CFBA0066AA67 /* main.m */; };
		2CD316341A23CFBA0066AA67 /* AppDelegate.m in Sources */ = {isa = PBXBuildFile; fileRef = 2CD316331A23CFBA0066AA67 /* AppDelegate.m */; };
		2CD316371A23CFBA0066AA67 /* BurgerSample.xcdatamodeld in Sources */ = {isa = PBXBuildFile; fileRef = 2CD316351A23CFBA0066AA67 /* BurgerSample.xcdatamodeld */; };
		2CD3163F1A23CFBA0066AA67 /* Images.xcassets in Resources */ = {isa = PBXBuildFile; fileRef = 2CD3163E1A23CFBA0066AA67 /* Images.xcassets */; };
		2CD316421A23CFBA0066AA67 /* LaunchScreen.xib in Resources */ = {isa = PBXBuildFile; fileRef = 2CD316401A23CFBA0066AA67 /* LaunchScreen.xib */; };
		2CD3164E1A23CFBB0066AA67 /* BurgerSampleTests.m in Sources */ = {isa = PBXBuildFile; fileRef = 2CD3164D1A23CFBB0066AA67 /* BurgerSampleTests.m */; };
		2CD316591A23D0300066AA67 /* MenuVC.m in Sources */ = {isa = PBXBuildFile; fileRef = 2CD316581A23D0300066AA67 /* MenuVC.m */; };
		2CD3165C1A23D3280066AA67 /* ToppingsVC.m in Sources */ = {isa = PBXBuildFile; fileRef = 2CD3165B1A23D3280066AA67 /* ToppingsVC.m */; };
		2CD3165F1A23D3610066AA67 /* SidesVC.m in Sources */ = {isa = PBXBuildFile; fileRef = 2CD3165E1A23D3610066AA67 /* SidesVC.m */; };
		2CD316631A23F42B0066AA67 /* MenuCell.m in Sources */ = {isa = PBXBuildFile; fileRef = 2CD316611A23F42B0066AA67 /* MenuCell.m */; };
		2CD316641A23F42B0066AA67 /* MenuCell.xib in Resources */ = {isa = PBXBuildFile; fileRef = 2CD316621A23F42B0066AA67 /* MenuCell.xib */; };
		2CD316671A23FFA70066AA67 /* Burger.m in Sources */ = {isa = PBXBuildFile; fileRef = 2CD316661A23FFA70066AA67 /* Burger.m */; };
/* End PBXBuildFile section */

/* Begin PBXContainerItemProxy section */
		2CD316481A23CFBB0066AA67 /* PBXContainerItemProxy */ = {
			isa = PBXContainerItemProxy;
			containerPortal = 2CD316231A23CFBA0066AA67 /* Project object */;
			proxyType = 1;
			remoteGlobalIDString = 2CD3162A1A23CFBA0066AA67;
			remoteInfo = BurgerSample;
		};
/* End PBXContainerItemProxy section */

/* Begin PBXFileReference section */
		2C005D6F1A24535900B0C343 /* BurgerVC.h */ = {isa = PBXFileReference; fileEncoding = 4; lastKnownFileType = sourcecode.c.h; path = BurgerVC.h; sourceTree = "<group>"; };
		2C005D701A24535900B0C343 /* BurgerVC.m */ = {isa = PBXFileReference; fileEncoding = 4; lastKnownFileType = sourcecode.c.objc; path = BurgerVC.m; sourceTree = "<group>"; };
		2C005D721A24649000B0C343 /* burger.png */ = {isa = PBXFileReference; lastKnownFileType = image.png; path = burger.png; sourceTree = "<group>"; };
		2C005D741A246B8200B0C343 /* sides.png */ = {isa = PBXFileReference; lastKnownFileType = image.png; path = sides.png; sourceTree = "<group>"; };
		2C005D761A246CDC00B0C343 /* toppings.png */ = {isa = PBXFileReference; lastKnownFileType = image.png; path = toppings.png; sourceTree = "<group>"; };
		2C005DBE1A25350000B0C343 /* MenuVC.xib */ = {isa = PBXFileReference; fileEncoding = 4; lastKnownFileType = file.xib; path = MenuVC.xib; sourceTree = "<group>"; };
		2C005DC01A25360A00B0C343 /* ToppingsVC.xib */ = {isa = PBXFileReference; fileEncoding = 4; lastKnownFileType = file.xib; path = ToppingsVC.xib; sourceTree = "<group>"; };
		2C005DC21A25361300B0C343 /* SidesVC.xib */ = {isa = PBXFileReference; fileEncoding = 4; lastKnownFileType = file.xib; path = SidesVC.xib; sourceTree = "<group>"; };
		2C005DC41A25454400B0C343 /* DrawView.h */ = {isa = PBXFileReference; fileEncoding = 4; lastKnownFileType = sourcecode.c.h; path = DrawView.h; sourceTree = "<group>"; };
		2C005DC51A25454500B0C343 /* DrawView.m */ = {isa = PBXFileReference; fileEncoding = 4; lastKnownFileType = sourcecode.c.objc; path = DrawView.m; sourceTree = "<group>"; };
		2CD3162B1A23CFBA0066AA67 /* BurgerSample.app */ = {isa = PBXFileReference; explicitFileType = wrapper.application; includeInIndex = 0; path = BurgerSample.app; sourceTree = BUILT_PRODUCTS_DIR; };
		2CD3162F1A23CFBA0066AA67 /* Info.plist */ = {isa = PBXFileReference; lastKnownFileType = text.plist.xml; path = Info.plist; sourceTree = "<group>"; };
		2CD316301A23CFBA0066AA67 /* main.m */ = {isa = PBXFileReference; lastKnownFileType = sourcecode.c.objc; path = main.m; sourceTree = "<group>"; };
		2CD316321A23CFBA0066AA67 /* AppDelegate.h */ = {isa = PBXFileReference; lastKnownFileType = sourcecode.c.h; path = AppDelegate.h; sourceTree = "<group>"; };
		2CD316331A23CFBA0066AA67 /* AppDelegate.m */ = {isa = PBXFileReference; lastKnownFileType = sourcecode.c.objc; path = AppDelegate.m; sourceTree = "<group>"; };
		2CD316361A23CFBA0066AA67 /* BurgerSample.xcdatamodel */ = {isa = PBXFileReference; lastKnownFileType = wrapper.xcdatamodel; path = BurgerSample.xcdatamodel; sourceTree = "<group>"; };
		2CD3163E1A23CFBA0066AA67 /* Images.xcassets */ = {isa = PBXFileReference; lastKnownFileType = folder.assetcatalog; path = Images.xcassets; sourceTree = "<group>"; };
		2CD316411A23CFBA0066AA67 /* Base */ = {isa = PBXFileReference; lastKnownFileType = file.xib; name = Base; path = Base.lproj/LaunchScreen.xib; sourceTree = "<group>"; };
		2CD316471A23CFBB0066AA67 /* BurgerSampleTests.xctest */ = {isa = PBXFileReference; explicitFileType = wrapper.cfbundle; includeInIndex = 0; path = BurgerSampleTests.xctest; sourceTree = BUILT_PRODUCTS_DIR; };
		2CD3164C1A23CFBB0066AA67 /* Info.plist */ = {isa = PBXFileReference; lastKnownFileType = text.plist.xml; path = Info.plist; sourceTree = "<group>"; };
		2CD3164D1A23CFBB0066AA67 /* BurgerSampleTests.m */ = {isa = PBXFileReference; lastKnownFileType = sourcecode.c.objc; path = BurgerSampleTests.m; sourceTree = "<group>"; };
		2CD316571A23D0300066AA67 /* MenuVC.h */ = {isa = PBXFileReference; fileEncoding = 4; lastKnownFileType = sourcecode.c.h; path = MenuVC.h; sourceTree = "<group>"; };
		2CD316581A23D0300066AA67 /* MenuVC.m */ = {isa = PBXFileReference; fileEncoding = 4; lastKnownFileType = sourcecode.c.objc; path = MenuVC.m; sourceTree = "<group>"; };
		2CD3165A1A23D3280066AA67 /* ToppingsVC.h */ = {isa = PBXFileReference; fileEncoding = 4; lastKnownFileType = sourcecode.c.h; path = ToppingsVC.h; sourceTree = "<group>"; };
		2CD3165B1A23D3280066AA67 /* ToppingsVC.m */ = {isa = PBXFileReference; fileEncoding = 4; lastKnownFileType = sourcecode.c.objc; path = ToppingsVC.m; sourceTree = "<group>"; };
		2CD3165D1A23D3610066AA67 /* SidesVC.h */ = {isa = PBXFileReference; fileEncoding = 4; lastKnownFileType = sourcecode.c.h; path = SidesVC.h; sourceTree = "<group>"; };
		2CD3165E1A23D3610066AA67 /* SidesVC.m */ = {isa = PBXFileReference; fileEncoding = 4; lastKnownFileType = sourcecode.c.objc; path = SidesVC.m; sourceTree = "<group>"; };
		2CD316601A23F42B0066AA67 /* MenuCell.h */ = {isa = PBXFileReference; fileEncoding = 4; lastKnownFileType = sourcecode.c.h; path = MenuCell.h; sourceTree = "<group>"; };
		2CD316611A23F42B0066AA67 /* MenuCell.m */ = {isa = PBXFileReference; fileEncoding = 4; lastKnownFileType = sourcecode.c.objc; path = MenuCell.m; sourceTree = "<group>"; };
		2CD316621A23F42B0066AA67 /* MenuCell.xib */ = {isa = PBXFileReference; fileEncoding = 4; lastKnownFileType = file.xib; path = MenuCell.xib; sourceTree = "<group>"; };
		2CD316651A23FFA70066AA67 /* Burger.h */ = {isa = PBXFileReference; fileEncoding = 4; lastKnownFileType = sourcecode.c.h; path = Burger.h; sourceTree = "<group>"; };
		2CD316661A23FFA70066AA67 /* Burger.m */ = {isa = PBXFileReference; fileEncoding = 4; lastKnownFileType = sourcecode.c.objc; path = Burger.m; sourceTree = "<group>"; };
/* End PBXFileReference section */

/* Begin PBXFrameworksBuildPhase section */
		2CD316281A23CFBA0066AA67 /* Frameworks */ = {
			isa = PBXFrameworksBuildPhase;
			buildActionMask = 2147483647;
			files = (
			);
			runOnlyForDeploymentPostprocessing = 0;
		};
		2CD316441A23CFBB0066AA67 /* Frameworks */ = {
			isa = PBXFrameworksBuildPhase;
			buildActionMask = 2147483647;
			files = (
			);
			runOnlyForDeploymentPostprocessing = 0;
		};
/* End PBXFrameworksBuildPhase section */

/* Begin PBXGroup section */
		2CD316221A23CFBA0066AA67 = {
			isa = PBXGroup;
			children = (
				2CD3162D1A23CFBA0066AA67 /* BurgerSample */,
				2CD3164A1A23CFBB0066AA67 /* BurgerSampleTests */,
				2CD3162C1A23CFBA0066AA67 /* Products */,
			);
			sourceTree = "<group>";
		};
		2CD3162C1A23CFBA0066AA67 /* Products */ = {
			isa = PBXGroup;
			children = (
				2CD3162B1A23CFBA0066AA67 /* BurgerSample.app */,
				2CD316471A23CFBB0066AA67 /* BurgerSampleTests.xctest */,
			);
			name = Products;
			sourceTree = "<group>";
		};
		2CD3162D1A23CFBA0066AA67 /* BurgerSample */ = {
			isa = PBXGroup;
			children = (
				2CD3166A1A23FFC10066AA67 /* CONTROLLER */,
				2CD316691A23FFBA0066AA67 /* VIEW */,
				2CD316681A23FFB00066AA67 /* MODEL */,
				2CD316321A23CFBA0066AA67 /* AppDelegate.h */,
				2CD316331A23CFBA0066AA67 /* AppDelegate.m */,
				2CD3163E1A23CFBA0066AA67 /* Images.xcassets */,
				2CD316401A23CFBA0066AA67 /* LaunchScreen.xib */,
				2CD316351A23CFBA0066AA67 /* BurgerSample.xcdatamodeld */,
				2CD3162E1A23CFBA0066AA67 /* Supporting Files */,
			);
			path = BurgerSample;
			sourceTree = "<group>";
		};
		2CD3162E1A23CFBA0066AA67 /* Supporting Files */ = {
			isa = PBXGroup;
			children = (
				2C005D761A246CDC00B0C343 /* toppings.png */,
				2C005D741A246B8200B0C343 /* sides.png */,
				2C005D721A24649000B0C343 /* burger.png */,
				2CD3162F1A23CFBA0066AA67 /* Info.plist */,
				2CD316301A23CFBA0066AA67 /* main.m */,
			);
			name = "Supporting Files";
			sourceTree = "<group>";
		};
		2CD3164A1A23CFBB0066AA67 /* BurgerSampleTests */ = {
			isa = PBXGroup;
			children = (
				2CD3164D1A23CFBB0066AA67 /* BurgerSampleTests.m */,
				2CD3164B1A23CFBB0066AA67 /* Supporting Files */,
			);
			path = BurgerSampleTests;
			sourceTree = "<group>";
		};
		2CD3164B1A23CFBB0066AA67 /* Supporting Files */ = {
			isa = PBXGroup;
			children = (
				2CD3164C1A23CFBB0066AA67 /* Info.plist */,
			);
			name = "Supporting Files";
			sourceTree = "<group>";
		};
		2CD316681A23FFB00066AA67 /* MODEL */ = {
			isa = PBXGroup;
			children = (
				2CD316651A23FFA70066AA67 /* Burger.h */,
				2CD316661A23FFA70066AA67 /* Burger.m */,
			);
			name = MODEL;
			sourceTree = "<group>";
		};
		2CD316691A23FFBA0066AA67 /* VIEW */ = {
			isa = PBXGroup;
			children = (
				2CD316601A23F42B0066AA67 /* MenuCell.h */,
				2CD316611A23F42B0066AA67 /* MenuCell.m */,
				2CD316621A23F42B0066AA67 /* MenuCell.xib */,
			);
			name = VIEW;
			sourceTree = "<group>";
		};
		2CD3166A1A23FFC10066AA67 /* CONTROLLER */ = {
			isa = PBXGroup;
			children = (
				2CD316571A23D0300066AA67 /* MenuVC.h */,
				2CD316581A23D0300066AA67 /* MenuVC.m */,
				2C005DBE1A25350000B0C343 /* MenuVC.xib */,
				2C005D6F1A24535900B0C343 /* BurgerVC.h */,
				2C005D701A24535900B0C343 /* BurgerVC.m */,
				2CD3165A1A23D3280066AA67 /* ToppingsVC.h */,
				2CD3165B1A23D3280066AA67 /* ToppingsVC.m */,
				2C005DC01A25360A00B0C343 /* ToppingsVC.xib */,
				2CD3165D1A23D3610066AA67 /* SidesVC.h */,
				2CD3165E1A23D3610066AA67 /* SidesVC.m */,
				2C005DC21A25361300B0C343 /* SidesVC.xib */,
				2C005DC41A25454400B0C343 /* DrawView.h */,
				2C005DC51A25454500B0C343 /* DrawView.m */,
			);
			name = CONTROLLER;
			sourceTree = "<group>";
		};
/* End PBXGroup section */

/* Begin PBXNativeTarget section */
		2CD3162A1A23CFBA0066AA67 /* BurgerSample */ = {
			isa = PBXNativeTarget;
			buildConfigurationList = 2CD316511A23CFBB0066AA67 /* Build configuration list for PBXNativeTarget "BurgerSample" */;
			buildPhases = (
				2CD316271A23CFBA0066AA67 /* Sources */,
				2CD316281A23CFBA0066AA67 /* Frameworks */,
				2CD316291A23CFBA0066AA67 /* Resources */,
			);
			buildRules = (
			);
			dependencies = (
			);
			name = BurgerSample;
			productName = BurgerSample;
			productReference = 2CD3162B1A23CFBA0066AA67 /* BurgerSample.app */;
			productType = "com.apple.product-type.application";
		};
		2CD316461A23CFBB0066AA67 /* BurgerSampleTests */ = {
			isa = PBXNativeTarget;
			buildConfigurationList = 2CD316541A23CFBB0066AA67 /* Build configuration list for PBXNativeTarget "BurgerSampleTests" */;
			buildPhases = (
				2CD316431A23CFBB0066AA67 /* Sources */,
				2CD316441A23CFBB0066AA67 /* Frameworks */,
				2CD316451A23CFBB0066AA67 /* Resources */,
			);
			buildRules = (
			);
			dependencies = (
				2CD316491A23CFBB0066AA67 /* PBXTargetDependency */,
			);
			name = BurgerSampleTests;
			productName = BurgerSampleTests;
			productReference = 2CD316471A23CFBB0066AA67 /* BurgerSampleTests.xctest */;
			productType = "com.apple.product-type.bundle.unit-test";
		};
/* End PBXNativeTarget section */

/* Begin PBXProject section */
		2CD316231A23CFBA0066AA67 /* Project object */ = {
			isa = PBXProject;
			attributes = {
				LastUpgradeCheck = 0610;
				ORGANIZATIONNAME = CodeFellows;
				TargetAttributes = {
					2CD3162A1A23CFBA0066AA67 = {
						CreatedOnToolsVersion = 6.1;
					};
					2CD316461A23CFBB0066AA67 = {
						CreatedOnToolsVersion = 6.1;
						TestTargetID = 2CD3162A1A23CFBA0066AA67;
					};
				};
			};
			buildConfigurationList = 2CD316261A23CFBA0066AA67 /* Build configuration list for PBXProject "BurgerSample" */;
			compatibilityVersion = "Xcode 3.2";
			developmentRegion = English;
			hasScannedForEncodings = 0;
			knownRegions = (
				en,
				Base,
			);
			mainGroup = 2CD316221A23CFBA0066AA67;
			productRefGroup = 2CD3162C1A23CFBA0066AA67 /* Products */;
			projectDirPath = "";
			projectRoot = "";
			targets = (
				2CD3162A1A23CFBA0066AA67 /* BurgerSample */,
				2CD316461A23CFBB0066AA67 /* BurgerSampleTests */,
			);
		};
/* End PBXProject section */

/* Begin PBXResourcesBuildPhase section */
		2CD316291A23CFBA0066AA67 /* Resources */ = {
			isa = PBXResourcesBuildPhase;
			buildActionMask = 2147483647;
			files = (
				2C005D771A246CDC00B0C343 /* toppings.png in Resources */,
				2C005DC11A25360A00B0C343 /* ToppingsVC.xib in Resources */,
				2C005D731A24649000B0C343 /* burger.png in Resources */,
				2C005DC31A25361300B0C343 /* SidesVC.xib in Resources */,
				2CD316421A23CFBA0066AA67 /* LaunchScreen.xib in Resources */,
				2C005DBF1A25350000B0C343 /* MenuVC.xib in Resources */,
				2CD316641A23F42B0066AA67 /* MenuCell.xib in Resources */,
				2C005D751A246B8200B0C343 /* sides.png in Resources */,
				2CD3163F1A23CFBA0066AA67 /* Images.xcassets in Resources */,
			);
			runOnlyForDeploymentPostprocessing = 0;
		};
		2CD316451A23CFBB0066AA67 /* Resources */ = {
			isa = PBXResourcesBuildPhase;
			buildActionMask = 2147483647;
			files = (
			);
			runOnlyForDeploymentPostprocessing = 0;
		};
/* End PBXResourcesBuildPhase section */

/* Begin PBXSourcesBuildPhase section */
		2CD316271A23CFBA0066AA67 /* Sources */ = {
			isa = PBXSourcesBuildPhase;
			buildActionMask = 2147483647;
			files = (
				2CD316341A23CFBA0066AA67 /* AppDelegate.m in Sources */,
				2CD316631A23F42B0066AA67 /* MenuCell.m in Sources */,
				2CD316671A23FFA70066AA67 /* Burger.m in Sources */,
				2C005D711A24535900B0C343 /* BurgerVC.m in Sources */,
				2C005DC61A25454500B0C343 /* DrawView.m in Sources */,
				2CD316311A23CFBA0066AA67 /* main.m in Sources */,
				2CD316591A23D0300066AA67 /* MenuVC.m in Sources */,
				2CD3165C1A23D3280066AA67 /* ToppingsVC.m in Sources */,
				2CD316371A23CFBA0066AA67 /* BurgerSample.xcdatamodeld in Sources */,
				2CD3165F1A23D3610066AA67 /* SidesVC.m in Sources */,
			);
			runOnlyForDeploymentPostprocessing = 0;
		};
		2CD316431A23CFBB0066AA67 /* Sources */ = {
			isa = PBXSourcesBuildPhase;
			buildActionMask = 2147483647;
			files = (
				2CD3164E1A23CFBB0066AA67 /* BurgerSampleTests.m in Sources */,
			);
			runOnlyForDeploymentPostprocessing = 0;
		};
/* End PBXSourcesBuildPhase section */

/* Begin PBXTargetDependency section */
		2CD316491A23CFBB0066AA67 /* PBXTargetDependency */ = {
			isa = PBXTargetDependency;
			target = 2CD3162A1A23CFBA0066AA67 /* BurgerSample */;
			targetProxy = 2CD316481A23CFBB0066AA67 /* PBXContainerItemProxy */;
		};
/* End PBXTargetDependency section */

/* Begin PBXVariantGroup section */
		2CD316401A23CFBA0066AA67 /* LaunchScreen.xib */ = {
			isa = PBXVariantGroup;
			children = (
				2CD316411A23CFBA0066AA67 /* Base */,
			);
			name = LaunchScreen.xib;
			sourceTree = "<group>";
		};
/* End PBXVariantGroup section */

/* Begin XCBuildConfiguration section */
		2CD3164F1A23CFBB0066AA67 /* Debug */ = {
			isa = XCBuildConfiguration;
			buildSettings = {
				ALWAYS_SEARCH_USER_PATHS = NO;
				CLANG_CXX_LANGUAGE_STANDARD = "gnu++0x";
				CLANG_CXX_LIBRARY = "libc++";
				CLANG_ENABLE_MODULES = YES;
				CLANG_ENABLE_OBJC_ARC = YES;
				CLANG_WARN_BOOL_CONVERSION = YES;
				CLANG_WARN_CONSTANT_CONVERSION = YES;
				CLANG_WARN_DIRECT_OBJC_ISA_USAGE = YES_ERROR;
				CLANG_WARN_EMPTY_BODY = YES;
				CLANG_WARN_ENUM_CONVERSION = YES;
				CLANG_WARN_INT_CONVERSION = YES;
				CLANG_WARN_OBJC_ROOT_CLASS = YES_ERROR;
				CLANG_WARN_UNREACHABLE_CODE = YES;
				CLANG_WARN__DUPLICATE_METHOD_MATCH = YES;
				"CODE_SIGN_IDENTITY[sdk=iphoneos*]" = "iPhone Developer";
				COPY_PHASE_STRIP = NO;
				ENABLE_STRICT_OBJC_MSGSEND = YES;
				GCC_C_LANGUAGE_STANDARD = gnu99;
				GCC_DYNAMIC_NO_PIC = NO;
				GCC_OPTIMIZATION_LEVEL = 0;
				GCC_PREPROCESSOR_DEFINITIONS = (
					"DEBUG=1",
					"$(inherited)",
				);
				GCC_SYMBOLS_PRIVATE_EXTERN = NO;
				GCC_WARN_64_TO_32_BIT_CONVERSION = YES;
				GCC_WARN_ABOUT_RETURN_TYPE = YES_ERROR;
				GCC_WARN_UNDECLARED_SELECTOR = YES;
				GCC_WARN_UNINITIALIZED_AUTOS = YES_AGGRESSIVE;
				GCC_WARN_UNUSED_FUNCTION = YES;
				GCC_WARN_UNUSED_VARIABLE = YES;
				IPHONEOS_DEPLOYMENT_TARGET = 8.1;
				MTL_ENABLE_DEBUG_INFO = YES;
				ONLY_ACTIVE_ARCH = YES;
				SDKROOT = iphoneos;
				TARGETED_DEVICE_FAMILY = "1,2";
			};
			name = Debug;
		};
		2CD316501A23CFBB0066AA67 /* Release */ = {
			isa = XCBuildConfiguration;
			buildSettings = {
				ALWAYS_SEARCH_USER_PATHS = NO;
				CLANG_CXX_LANGUAGE_STANDARD = "gnu++0x";
				CLANG_CXX_LIBRARY = "libc++";
				CLANG_ENABLE_MODULES = YES;
				CLANG_ENABLE_OBJC_ARC = YES;
				CLANG_WARN_BOOL_CONVERSION = YES;
				CLANG_WARN_CONSTANT_CONVERSION = YES;
				CLANG_WARN_DIRECT_OBJC_ISA_USAGE = YES_ERROR;
				CLANG_WARN_EMPTY_BODY = YES;
				CLANG_WARN_ENUM_CONVERSION = YES;
				CLANG_WARN_INT_CONVERSION = YES;
				CLANG_WARN_OBJC_ROOT_CLASS = YES_ERROR;
				CLANG_WARN_UNREACHABLE_CODE = YES;
				CLANG_WARN__DUPLICATE_METHOD_MATCH = YES;
				"CODE_SIGN_IDENTITY[sdk=iphoneos*]" = "iPhone Developer";
				COPY_PHASE_STRIP = YES;
				ENABLE_NS_ASSERTIONS = NO;
				ENABLE_STRICT_OBJC_MSGSEND = YES;
				GCC_C_LANGUAGE_STANDARD = gnu99;
				GCC_WARN_64_TO_32_BIT_CONVERSION = YES;
				GCC_WARN_ABOUT_RETURN_TYPE = YES_ERROR;
				GCC_WARN_UNDECLARED_SELECTOR = YES;
				GCC_WARN_UNINITIALIZED_AUTOS = YES_AGGRESSIVE;
				GCC_WARN_UNUSED_FUNCTION = YES;
				GCC_WARN_UNUSED_VARIABLE = YES;
				IPHONEOS_DEPLOYMENT_TARGET = 8.1;
				MTL_ENABLE_DEBUG_INFO = NO;
				SDKROOT = iphoneos;
				TARGETED_DEVICE_FAMILY = "1,2";
				VALIDATE_PRODUCT = YES;
			};
			name = Release;
		};
		2CD316521A23CFBB0066AA67 /* Debug */ = {
			isa = XCBuildConfiguration;
			buildSettings = {
				ASSETCATALOG_COMPILER_APPICON_NAME = AppIcon;
				CLANG_ENABLE_OBJC_ARC = NO;
				INFOPLIST_FILE = BurgerSample/Info.plist;
				LD_RUNPATH_SEARCH_PATHS = "$(inherited) @executable_path/Frameworks";
				PRODUCT_NAME = "$(TARGET_NAME)";
			};
			name = Debug;
		};
		2CD316531A23CFBB0066AA67 /* Release */ = {
			isa = XCBuildConfiguration;
			buildSettings = {
				ASSETCATALOG_COMPILER_APPICON_NAME = AppIcon;
				CLANG_ENABLE_OBJC_ARC = NO;
				INFOPLIST_FILE = BurgerSample/Info.plist;
				LD_RUNPATH_SEARCH_PATHS = "$(inherited) @executable_path/Frameworks";
				PRODUCT_NAME = "$(TARGET_NAME)";
			};
			name = Release;
		};
		2CD316551A23CFBB0066AA67 /* Debug */ = {
			isa = XCBuildConfiguration;
			buildSettings = {
				BUNDLE_LOADER = "$(TEST_HOST)";
				FRAMEWORK_SEARCH_PATHS = (
					"$(SDKROOT)/Developer/Library/Frameworks",
					"$(inherited)",
				);
				GCC_PREPROCESSOR_DEFINITIONS = (
					"DEBUG=1",
					"$(inherited)",
				);
				INFOPLIST_FILE = BurgerSampleTests/Info.plist;
				LD_RUNPATH_SEARCH_PATHS = "$(inherited) @executable_path/Frameworks @loader_path/Frameworks";
				PRODUCT_NAME = "$(TARGET_NAME)";
				TEST_HOST = "$(BUILT_PRODUCTS_DIR)/BurgerSample.app/BurgerSample";
			};
			name = Debug;
		};
		2CD316561A23CFBB0066AA67 /* Release */ = {
			isa = XCBuildConfiguration;
			buildSettings = {
				BUNDLE_LOADER = "$(TEST_HOST)";
				FRAMEWORK_SEARCH_PATHS = (
					"$(SDKROOT)/Developer/Library/Frameworks",
					"$(inherited)",
				);
				INFOPLIST_FILE = BurgerSampleTests/Info.plist;
				LD_RUNPATH_SEARCH_PATHS = "$(inherited) @executable_path/Frameworks @loader_path/Frameworks";
				PRODUCT_NAME = "$(TARGET_NAME)";
				TEST_HOST = "$(BUILT_PRODUCTS_DIR)/BurgerSample.app/BurgerSample";
			};
			name = Release;
		};
/* End XCBuildConfiguration section */

/* Begin XCConfigurationList section */
		2CD316261A23CFBA0066AA67 /* Build configuration list for PBXProject "BurgerSample" */ = {
			isa = XCConfigurationList;
			buildConfigurations = (
				2CD3164F1A23CFBB0066AA67 /* Debug */,
				2CD316501A23CFBB0066AA67 /* Release */,
			);
			defaultConfigurationIsVisible = 0;
			defaultConfigurationName = Release;
		};
		2CD316511A23CFBB0066AA67 /* Build configuration list for PBXNativeTarget "BurgerSample" */ = {
			isa = XCConfigurationList;
			buildConfigurations = (
				2CD316521A23CFBB0066AA67 /* Debug */,
				2CD316531A23CFBB0066AA67 /* Release */,
			);
			defaultConfigurationIsVisible = 0;
			defaultConfigurationName = Release;
		};
		2CD316541A23CFBB0066AA67 /* Build configuration list for PBXNativeTarget "BurgerSampleTests" */ = {
			isa = XCConfigurationList;
			buildConfigurations = (
				2CD316551A23CFBB0066AA67 /* Debug */,
				2CD316561A23CFBB0066AA67 /* Release */,
			);
			defaultConfigurationIsVisible = 0;
			defaultConfigurationName = Release;
		};
/* End XCConfigurationList section */

/* Begin XCVersionGroup section */
		2CD316351A23CFBA0066AA67 /* BurgerSample.xcdatamodeld */ = {
			isa = XCVersionGroup;
			children = (
				2CD316361A23CFBA0066AA67 /* BurgerSample.xcdatamodel */,
			);
			currentVersion = 2CD316361A23CFBA0066AA67 /* BurgerSample.xcdatamodel */;
			path = BurgerSample.xcdatamodeld;
			sourceTree = "<group>";
			versionGroupType = wrapper.xcdatamodel;
		};
/* End XCVersionGroup section */
	};
	rootObject = 2CD316231A23CFBA0066AA67 /* Project object */;
}
