// !$*UTF8*$!
{
	archiveVersion = 1;
	classes = {
	};
	objectVersion = 46;
	objects = {

/* Begin PBXBuildFile section */
		A20B337F1A07FCD2001B261C /* AppDelegate.swift in Sources */ = {isa = PBXBuildFile; fileRef = A20B337E1A07FCD2001B261C /* AppDelegate.swift */; };
		A20B33821A07FCD2001B261C /* corelocationdemo.xcdatamodeld in Sources */ = {isa = PBXBuildFile; fileRef = A20B33801A07FCD2001B261C /* corelocationdemo.xcdatamodeld */; };
		A20B33841A07FCD2001B261C /* ViewController.swift in Sources */ = {isa = PBXBuildFile; fileRef = A20B33831A07FCD2001B261C /* ViewController.swift */; };
		A20B33871A07FCD2001B261C /* Main.storyboard in Resources */ = {isa = PBXBuildFile; fileRef = A20B33851A07FCD2001B261C /* Main.storyboard */; };
		A20B33891A07FCD2001B261C /* Images.xcassets in Resources */ = {isa = PBXBuildFile; fileRef = A20B33881A07FCD2001B261C /* Images.xcassets */; };
		A20B338C1A07FCD2001B261C /* LaunchScreen.xib in Resources */ = {isa = PBXBuildFile; fileRef = A20B338A1A07FCD2001B261C /* LaunchScreen.xib */; };
		A20B33981A07FCD2001B261C /* corelocationdemoTests.swift in Sources */ = {isa = PBXBuildFile; fileRef = A20B33971A07FCD2001B261C /* corelocationdemoTests.swift */; };
		A20B33A21A07FCDB001B261C /* MapKit.framework in Frameworks */ = {isa = PBXBuildFile; fileRef = A20B33A11A07FCDB001B261C /* MapKit.framework */; };
		A20B33A41A080640001B261C /* AddReminderViewController.swift in Sources */ = {isa = PBXBuildFile; fileRef = A20B33A31A080640001B261C /* AddReminderViewController.swift */; };
		A22D647E1A0A9F5F0012BF6E /* Reminder.swift in Sources */ = {isa = PBXBuildFile; fileRef = A22D647D1A0A9F5F0012BF6E /* Reminder.swift */; };
		A22D64801A0AA03B0012BF6E /* ReminderTableViewController.swift in Sources */ = {isa = PBXBuildFile; fileRef = A22D647F1A0AA03B0012BF6E /* ReminderTableViewController.swift */; };
		A22D64831A0AA39B0012BF6E /* CloudKit.framework in Frameworks */ = {isa = PBXBuildFile; fileRef = A22D64821A0AA39B0012BF6E /* CloudKit.framework */; };
/* End PBXBuildFile section */

/* Begin PBXContainerItemProxy section */
		A20B33921A07FCD2001B261C /* PBXContainerItemProxy */ = {
			isa = PBXContainerItemProxy;
			containerPortal = A20B33711A07FCD2001B261C /* Project object */;
			proxyType = 1;
			remoteGlobalIDString = A20B33781A07FCD2001B261C;
			remoteInfo = corelocationdemo;
		};
/* End PBXContainerItemProxy section */

/* Begin PBXFileReference section */
		A20B33791A07FCD2001B261C /* corelocationdemo.app */ = {isa = PBXFileReference; explicitFileType = wrapper.application; includeInIndex = 0; path = corelocationdemo.app; sourceTree = BUILT_PRODUCTS_DIR; };
		A20B337D1A07FCD2001B261C /* Info.plist */ = {isa = PBXFileReference; lastKnownFileType = text.plist.xml; path = Info.plist; sourceTree = "<group>"; };
		A20B337E1A07FCD2001B261C /* AppDelegate.swift */ = {isa = PBXFileReference; lastKnownFileType = sourcecode.swift; path = AppDelegate.swift; sourceTree = "<group>"; };
		A20B33811A07FCD2001B261C /* corelocationdemo.xcdatamodel */ = {isa = PBXFileReference; lastKnownFileType = wrapper.xcdatamodel; path = corelocationdemo.xcdatamodel; sourceTree = "<group>"; };
		A20B33831A07FCD2001B261C /* ViewController.swift */ = {isa = PBXFileReference; lastKnownFileType = sourcecode.swift; path = ViewController.swift; sourceTree = "<group>"; };
		A20B33861A07FCD2001B261C /* Base */ = {isa = PBXFileReference; lastKnownFileType = file.storyboard; name = Base; path = Base.lproj/Main.storyboard; sourceTree = "<group>"; };
		A20B33881A07FCD2001B261C /* Images.xcassets */ = {isa = PBXFileReference; lastKnownFileType = folder.assetcatalog; path = Images.xcassets; sourceTree = "<group>"; };
		A20B338B1A07FCD2001B261C /* Base */ = {isa = PBXFileReference; lastKnownFileType = file.xib; name = Base; path = Base.lproj/LaunchScreen.xib; sourceTree = "<group>"; };
		A20B33911A07FCD2001B261C /* corelocationdemoTests.xctest */ = {isa = PBXFileReference; explicitFileType = wrapper.cfbundle; includeInIndex = 0; path = corelocationdemoTests.xctest; sourceTree = BUILT_PRODUCTS_DIR; };
		A20B33961A07FCD2001B261C /* Info.plist */ = {isa = PBXFileReference; lastKnownFileType = text.plist.xml; path = Info.plist; sourceTree = "<group>"; };
		A20B33971A07FCD2001B261C /* corelocationdemoTests.swift */ = {isa = PBXFileReference; lastKnownFileType = sourcecode.swift; path = corelocationdemoTests.swift; sourceTree = "<group>"; };
		A20B33A11A07FCDB001B261C /* MapKit.framework */ = {isa = PBXFileReference; lastKnownFileType = wrapper.framework; name = MapKit.framework; path = System/Library/Frameworks/MapKit.framework; sourceTree = SDKROOT; };
		A20B33A31A080640001B261C /* AddReminderViewController.swift */ = {isa = PBXFileReference; fileEncoding = 4; lastKnownFileType = sourcecode.swift; path = AddReminderViewController.swift; sourceTree = "<group>"; };
		A22D647D1A0A9F5F0012BF6E /* Reminder.swift */ = {isa = PBXFileReference; fileEncoding = 4; lastKnownFileType = sourcecode.swift; path = Reminder.swift; sourceTree = "<group>"; };
		A22D647F1A0AA03B0012BF6E /* ReminderTableViewController.swift */ = {isa = PBXFileReference; fileEncoding = 4; lastKnownFileType = sourcecode.swift; path = ReminderTableViewController.swift; sourceTree = "<group>"; };
		A22D64811A0AA3770012BF6E /* corelocationdemo.entitlements */ = {isa = PBXFileReference; lastKnownFileType = text.xml; path = corelocationdemo.entitlements; sourceTree = "<group>"; };
		A22D64821A0AA39B0012BF6E /* CloudKit.framework */ = {isa = PBXFileReference; lastKnownFileType = wrapper.framework; name = CloudKit.framework; path = System/Library/Frameworks/CloudKit.framework; sourceTree = SDKROOT; };
/* End PBXFileReference section */

/* Begin PBXFrameworksBuildPhase section */
		A20B33761A07FCD2001B261C /* Frameworks */ = {
			isa = PBXFrameworksBuildPhase;
			buildActionMask = 2147483647;
			files = (
				A20B33A21A07FCDB001B261C /* MapKit.framework in Frameworks */,
				A22D64831A0AA39B0012BF6E /* CloudKit.framework in Frameworks */,
			);
			runOnlyForDeploymentPostprocessing = 0;
		};
		A20B338E1A07FCD2001B261C /* Frameworks */ = {
			isa = PBXFrameworksBuildPhase;
			buildActionMask = 2147483647;
			files = (
			);
			runOnlyForDeploymentPostprocessing = 0;
		};
/* End PBXFrameworksBuildPhase section */

/* Begin PBXGroup section */
		A20B33701A07FCD2001B261C = {
			isa = PBXGroup;
			children = (
				A22D64821A0AA39B0012BF6E /* CloudKit.framework */,
				A20B33A11A07FCDB001B261C /* MapKit.framework */,
				A20B337B1A07FCD2001B261C /* corelocationdemo */,
				A20B33941A07FCD2001B261C /* corelocationdemoTests */,
				A20B337A1A07FCD2001B261C /* Products */,
			);
			sourceTree = "<group>";
		};
		A20B337A1A07FCD2001B261C /* Products */ = {
			isa = PBXGroup;
			children = (
				A20B33791A07FCD2001B261C /* corelocationdemo.app */,
				A20B33911A07FCD2001B261C /* corelocationdemoTests.xctest */,
			);
			name = Products;
			sourceTree = "<group>";
		};
		A20B337B1A07FCD2001B261C /* corelocationdemo */ = {
			isa = PBXGroup;
			children = (
				A22D64811A0AA3770012BF6E /* corelocationdemo.entitlements */,
				A20B337E1A07FCD2001B261C /* AppDelegate.swift */,
				A20B33831A07FCD2001B261C /* ViewController.swift */,
				A20B33851A07FCD2001B261C /* Main.storyboard */,
				A22D647F1A0AA03B0012BF6E /* ReminderTableViewController.swift */,
				A20B33A31A080640001B261C /* AddReminderViewController.swift */,
				A20B33881A07FCD2001B261C /* Images.xcassets */,
				A20B338A1A07FCD2001B261C /* LaunchScreen.xib */,
				A20B33801A07FCD2001B261C /* corelocationdemo.xcdatamodeld */,
				A22D647D1A0A9F5F0012BF6E /* Reminder.swift */,
				A20B337C1A07FCD2001B261C /* Supporting Files */,
			);
			path = corelocationdemo;
			sourceTree = "<group>";
		};
		A20B337C1A07FCD2001B261C /* Supporting Files */ = {
			isa = PBXGroup;
			children = (
				A20B337D1A07FCD2001B261C /* Info.plist */,
			);
			name = "Supporting Files";
			sourceTree = "<group>";
		};
		A20B33941A07FCD2001B261C /* corelocationdemoTests */ = {
			isa = PBXGroup;
			children = (
				A20B33971A07FCD2001B261C /* corelocationdemoTests.swift */,
				A20B33951A07FCD2001B261C /* Supporting Files */,
			);
			path = corelocationdemoTests;
			sourceTree = "<group>";
		};
		A20B33951A07FCD2001B261C /* Supporting Files */ = {
			isa = PBXGroup;
			children = (
				A20B33961A07FCD2001B261C /* Info.plist */,
			);
			name = "Supporting Files";
			sourceTree = "<group>";
		};
/* End PBXGroup section */

/* Begin PBXNativeTarget section */
		A20B33781A07FCD2001B261C /* corelocationdemo */ = {
			isa = PBXNativeTarget;
			buildConfigurationList = A20B339B1A07FCD2001B261C /* Build configuration list for PBXNativeTarget "corelocationdemo" */;
			buildPhases = (
				A20B33751A07FCD2001B261C /* Sources */,
				A20B33761A07FCD2001B261C /* Frameworks */,
				A20B33771A07FCD2001B261C /* Resources */,
			);
			buildRules = (
			);
			dependencies = (
			);
			name = corelocationdemo;
			productName = corelocationdemo;
			productReference = A20B33791A07FCD2001B261C /* corelocationdemo.app */;
			productType = "com.apple.product-type.application";
		};
		A20B33901A07FCD2001B261C /* corelocationdemoTests */ = {
			isa = PBXNativeTarget;
			buildConfigurationList = A20B339E1A07FCD2001B261C /* Build configuration list for PBXNativeTarget "corelocationdemoTests" */;
			buildPhases = (
				A20B338D1A07FCD2001B261C /* Sources */,
				A20B338E1A07FCD2001B261C /* Frameworks */,
				A20B338F1A07FCD2001B261C /* Resources */,
			);
			buildRules = (
			);
			dependencies = (
				A20B33931A07FCD2001B261C /* PBXTargetDependency */,
			);
			name = corelocationdemoTests;
			productName = corelocationdemoTests;
			productReference = A20B33911A07FCD2001B261C /* corelocationdemoTests.xctest */;
			productType = "com.apple.product-type.bundle.unit-test";
		};
/* End PBXNativeTarget section */

/* Begin PBXProject section */
		A20B33711A07FCD2001B261C /* Project object */ = {
			isa = PBXProject;
			attributes = {
				LastUpgradeCheck = 0610;
				ORGANIZATIONNAME = "Code Fellows";
				TargetAttributes = {
					A20B33781A07FCD2001B261C = {
						CreatedOnToolsVersion = 6.1;
						DevelopmentTeam = 246U3NZ7Z2;
						SystemCapabilities = {
							com.apple.Maps.iOS = {
								enabled = 1;
							};
							com.apple.iCloud = {
								enabled = 1;
							};
						};
					};
					A20B33901A07FCD2001B261C = {
						CreatedOnToolsVersion = 6.1;
						TestTargetID = A20B33781A07FCD2001B261C;
					};
				};
			};
			buildConfigurationList = A20B33741A07FCD2001B261C /* Build configuration list for PBXProject "corelocationdemo" */;
			compatibilityVersion = "Xcode 3.2";
			developmentRegion = English;
			hasScannedForEncodings = 0;
			knownRegions = (
				en,
				Base,
			);
			mainGroup = A20B33701A07FCD2001B261C;
			productRefGroup = A20B337A1A07FCD2001B261C /* Products */;
			projectDirPath = "";
			projectRoot = "";
			targets = (
				A20B33781A07FCD2001B261C /* corelocationdemo */,
				A20B33901A07FCD2001B261C /* corelocationdemoTests */,
			);
		};
/* End PBXProject section */

/* Begin PBXResourcesBuildPhase section */
		A20B33771A07FCD2001B261C /* Resources */ = {
			isa = PBXResourcesBuildPhase;
			buildActionMask = 2147483647;
			files = (
				A20B33871A07FCD2001B261C /* Main.storyboard in Resources */,
				A20B338C1A07FCD2001B261C /* LaunchScreen.xib in Resources */,
				A20B33891A07FCD2001B261C /* Images.xcassets in Resources */,
			);
			runOnlyForDeploymentPostprocessing = 0;
		};
		A20B338F1A07FCD2001B261C /* Resources */ = {
			isa = PBXResourcesBuildPhase;
			buildActionMask = 2147483647;
			files = (
			);
			runOnlyForDeploymentPostprocessing = 0;
		};
/* End PBXResourcesBuildPhase section */

/* Begin PBXSourcesBuildPhase section */
		A20B33751A07FCD2001B261C /* Sources */ = {
			isa = PBXSourcesBuildPhase;
			buildActionMask = 2147483647;
			files = (
				A20B33A41A080640001B261C /* AddReminderViewController.swift in Sources */,
				A20B33841A07FCD2001B261C /* ViewController.swift in Sources */,
				A20B33821A07FCD2001B261C /* corelocationdemo.xcdatamodeld in Sources */,
				A20B337F1A07FCD2001B261C /* AppDelegate.swift in Sources */,
				A22D647E1A0A9F5F0012BF6E /* Reminder.swift in Sources */,
				A22D64801A0AA03B0012BF6E /* ReminderTableViewController.swift in Sources */,
			);
			runOnlyForDeploymentPostprocessing = 0;
		};
		A20B338D1A07FCD2001B261C /* Sources */ = {
			isa = PBXSourcesBuildPhase;
			buildActionMask = 2147483647;
			files = (
				A20B33981A07FCD2001B261C /* corelocationdemoTests.swift in Sources */,
			);
			runOnlyForDeploymentPostprocessing = 0;
		};
/* End PBXSourcesBuildPhase section */

/* Begin PBXTargetDependency section */
		A20B33931A07FCD2001B261C /* PBXTargetDependency */ = {
			isa = PBXTargetDependency;
			target = A20B33781A07FCD2001B261C /* corelocationdemo */;
			targetProxy = A20B33921A07FCD2001B261C /* PBXContainerItemProxy */;
		};
/* End PBXTargetDependency section */

/* Begin PBXVariantGroup section */
		A20B33851A07FCD2001B261C /* Main.storyboard */ = {
			isa = PBXVariantGroup;
			children = (
				A20B33861A07FCD2001B261C /* Base */,
			);
			name = Main.storyboard;
			sourceTree = "<group>";
		};
		A20B338A1A07FCD2001B261C /* LaunchScreen.xib */ = {
			isa = PBXVariantGroup;
			children = (
				A20B338B1A07FCD2001B261C /* Base */,
			);
			name = LaunchScreen.xib;
			sourceTree = "<group>";
		};
/* End PBXVariantGroup section */

/* Begin XCBuildConfiguration section */
		A20B33991A07FCD2001B261C /* Debug */ = {
			isa = XCBuildConfiguration;
			buildSettings = {
				ALWAYS_SEARCH_USER_PATHS = NO;
				CLANG_CXX_LANGUAGE_STANDARD = "gnu++0x";
				CLANG_CXX_LIBRARY = "libc++";
				CLANG_ENABLE_MODULES = YES;
				CLANG_ENABLE_OBJC_ARC = YES;
				CLANG_WARN_BOOL_CONVERSION = YES;
				CLANG_WARN_CONSTANT_CONVERSION = YES;
				CLANG_WARN_DIRECT_OBJC_ISA_USAGE = YES_ERROR;
				CLANG_WARN_EMPTY_BODY = YES;
				CLANG_WARN_ENUM_CONVERSION = YES;
				CLANG_WARN_INT_CONVERSION = YES;
				CLANG_WARN_OBJC_ROOT_CLASS = YES_ERROR;
				CLANG_WARN_UNREACHABLE_CODE = YES;
				CLANG_WARN__DUPLICATE_METHOD_MATCH = YES;
				"CODE_SIGN_IDENTITY[sdk=iphoneos*]" = "iPhone Developer";
				COPY_PHASE_STRIP = NO;
				ENABLE_STRICT_OBJC_MSGSEND = YES;
				GCC_C_LANGUAGE_STANDARD = gnu99;
				GCC_DYNAMIC_NO_PIC = NO;
				GCC_OPTIMIZATION_LEVEL = 0;
				GCC_PREPROCESSOR_DEFINITIONS = (
					"DEBUG=1",
					"$(inherited)",
				);
				GCC_SYMBOLS_PRIVATE_EXTERN = NO;
				GCC_WARN_64_TO_32_BIT_CONVERSION = YES;
				GCC_WARN_ABOUT_RETURN_TYPE = YES_ERROR;
				GCC_WARN_UNDECLARED_SELECTOR = YES;
				GCC_WARN_UNINITIALIZED_AUTOS = YES_AGGRESSIVE;
				GCC_WARN_UNUSED_FUNCTION = YES;
				GCC_WARN_UNUSED_VARIABLE = YES;
				IPHONEOS_DEPLOYMENT_TARGET = 8.1;
				MTL_ENABLE_DEBUG_INFO = YES;
				ONLY_ACTIVE_ARCH = YES;
				SDKROOT = iphoneos;
				SWIFT_OPTIMIZATION_LEVEL = "-Onone";
				TARGETED_DEVICE_FAMILY = "1,2";
			};
			name = Debug;
		};
		A20B339A1A07FCD2001B261C /* Release */ = {
			isa = XCBuildConfiguration;
			buildSettings = {
				ALWAYS_SEARCH_USER_PATHS = NO;
				CLANG_CXX_LANGUAGE_STANDARD = "gnu++0x";
				CLANG_CXX_LIBRARY = "libc++";
				CLANG_ENABLE_MODULES = YES;
				CLANG_ENABLE_OBJC_ARC = YES;
				CLANG_WARN_BOOL_CONVERSION = YES;
				CLANG_WARN_CONSTANT_CONVERSION = YES;
				CLANG_WARN_DIRECT_OBJC_ISA_USAGE = YES_ERROR;
				CLANG_WARN_EMPTY_BODY = YES;
				CLANG_WARN_ENUM_CONVERSION = YES;
				CLANG_WARN_INT_CONVERSION = YES;
				CLANG_WARN_OBJC_ROOT_CLASS = YES_ERROR;
				CLANG_WARN_UNREACHABLE_CODE = YES;
				CLANG_WARN__DUPLICATE_METHOD_MATCH = YES;
				"CODE_SIGN_IDENTITY[sdk=iphoneos*]" = "iPhone Developer";
				COPY_PHASE_STRIP = YES;
				ENABLE_NS_ASSERTIONS = NO;
				ENABLE_STRICT_OBJC_MSGSEND = YES;
				GCC_C_LANGUAGE_STANDARD = gnu99;
				GCC_WARN_64_TO_32_BIT_CONVERSION = YES;
				GCC_WARN_ABOUT_RETURN_TYPE = YES_ERROR;
				GCC_WARN_UNDECLARED_SELECTOR = YES;
				GCC_WARN_UNINITIALIZED_AUTOS = YES_AGGRESSIVE;
				GCC_WARN_UNUSED_FUNCTION = YES;
				GCC_WARN_UNUSED_VARIABLE = YES;
				IPHONEOS_DEPLOYMENT_TARGET = 8.1;
				MTL_ENABLE_DEBUG_INFO = NO;
				SDKROOT = iphoneos;
				TARGETED_DEVICE_FAMILY = "1,2";
				VALIDATE_PRODUCT = YES;
			};
			name = Release;
		};
		A20B339C1A07FCD2001B261C /* Debug */ = {
			isa = XCBuildConfiguration;
			buildSettings = {
				ASSETCATALOG_COMPILER_APPICON_NAME = AppIcon;
				CODE_SIGN_ENTITLEMENTS = corelocationdemo/corelocationdemo.entitlements;
				INFOPLIST_FILE = corelocationdemo/Info.plist;
				IPHONEOS_DEPLOYMENT_TARGET = 8.0;
				LD_RUNPATH_SEARCH_PATHS = "$(inherited) @executable_path/Frameworks";
				PRODUCT_NAME = "$(TARGET_NAME)";
			};
			name = Debug;
		};
		A20B339D1A07FCD2001B261C /* Release */ = {
			isa = XCBuildConfiguration;
			buildSettings = {
				ASSETCATALOG_COMPILER_APPICON_NAME = AppIcon;
				CODE_SIGN_ENTITLEMENTS = corelocationdemo/corelocationdemo.entitlements;
				INFOPLIST_FILE = corelocationdemo/Info.plist;
				IPHONEOS_DEPLOYMENT_TARGET = 8.0;
				LD_RUNPATH_SEARCH_PATHS = "$(inherited) @executable_path/Frameworks";
				PRODUCT_NAME = "$(TARGET_NAME)";
			};
			name = Release;
		};
		A20B339F1A07FCD2001B261C /* Debug */ = {
			isa = XCBuildConfiguration;
			buildSettings = {
				BUNDLE_LOADER = "$(TEST_HOST)";
				FRAMEWORK_SEARCH_PATHS = (
					"$(SDKROOT)/Developer/Library/Frameworks",
					"$(inherited)",
				);
				GCC_PREPROCESSOR_DEFINITIONS = (
					"DEBUG=1",
					"$(inherited)",
				);
				INFOPLIST_FILE = corelocationdemoTests/Info.plist;
				LD_RUNPATH_SEARCH_PATHS = "$(inherited) @executable_path/Frameworks @loader_path/Frameworks";
				PRODUCT_NAME = "$(TARGET_NAME)";
				TEST_HOST = "$(BUILT_PRODUCTS_DIR)/corelocationdemo.app/corelocationdemo";
			};
			name = Debug;
		};
		A20B33A01A07FCD2001B261C /* Release */ = {
			isa = XCBuildConfiguration;
			buildSettings = {
				BUNDLE_LOADER = "$(TEST_HOST)";
				FRAMEWORK_SEARCH_PATHS = (
					"$(SDKROOT)/Developer/Library/Frameworks",
					"$(inherited)",
				);
				INFOPLIST_FILE = corelocationdemoTests/Info.plist;
				LD_RUNPATH_SEARCH_PATHS = "$(inherited) @executable_path/Frameworks @loader_path/Frameworks";
				PRODUCT_NAME = "$(TARGET_NAME)";
				TEST_HOST = "$(BUILT_PRODUCTS_DIR)/corelocationdemo.app/corelocationdemo";
			};
			name = Release;
		};
/* End XCBuildConfiguration section */

/* Begin XCConfigurationList section */
		A20B33741A07FCD2001B261C /* Build configuration list for PBXProject "corelocationdemo" */ = {
			isa = XCConfigurationList;
			buildConfigurations = (
				A20B33991A07FCD2001B261C /* Debug */,
				A20B339A1A07FCD2001B261C /* Release */,
			);
			defaultConfigurationIsVisible = 0;
			defaultConfigurationName = Release;
		};
		A20B339B1A07FCD2001B261C /* Build configuration list for PBXNativeTarget "corelocationdemo" */ = {
			isa = XCConfigurationList;
			buildConfigurations = (
				A20B339C1A07FCD2001B261C /* Debug */,
				A20B339D1A07FCD2001B261C /* Release */,
			);
			defaultConfigurationIsVisible = 0;
			defaultConfigurationName = Release;
		};
		A20B339E1A07FCD2001B261C /* Build configuration list for PBXNativeTarget "corelocationdemoTests" */ = {
			isa = XCConfigurationList;
			buildConfigurations = (
				A20B339F1A07FCD2001B261C /* Debug */,
				A20B33A01A07FCD2001B261C /* Release */,
			);
			defaultConfigurationIsVisible = 0;
			defaultConfigurationName = Release;
		};
/* End XCConfigurationList section */

/* Begin XCVersionGroup section */
		A20B33801A07FCD2001B261C /* corelocationdemo.xcdatamodeld */ = {
			isa = XCVersionGroup;
			children = (
				A20B33811A07FCD2001B261C /* corelocationdemo.xcdatamodel */,
			);
			currentVersion = A20B33811A07FCD2001B261C /* corelocationdemo.xcdatamodel */;
			path = corelocationdemo.xcdatamodeld;
			sourceTree = "<group>";
			versionGroupType = wrapper.xcdatamodel;
		};
/* End XCVersionGroup section */
	};
	rootObject = A20B33711A07FCD2001B261C /* Project object */;
}
